
Microsoft Visual Studio Solution File, Format Version 12.00
# Visual Studio Version 16
VisualStudioVersion = 16.0.29728.190
MinimumVisualStudioVersion = 10.0.40219.1
Project("{FAE04EC0-301F-11D3-BF4B-00C04F79EFBC}") = "Practice", "Practice\Practice.csproj", "{DF6BA19B-601B-4216-9E8E-3AAAED28C994}"
EndProject
Project("{FAE04EC0-301F-11D3-BF4B-00C04F79EFBC}") = "01Operator", "01Operator\01Operator.csproj", "{655971C0-0C30-4AF5-8D31-418639E72350}"
EndProject
Project("{FAE04EC0-301F-11D3-BF4B-00C04F79EFBC}") = "02PowerOf2", "02PowerOf2\02PowerOf2.csproj", "{06608B32-5A8E-482A-92BA-F2CF5A069CFC}"
EndProject
Project("{FAE04EC0-301F-11D3-BF4B-00C04F79EFBC}") = "04AreaOfCircle", "04AreaOfCircle\04AreaOfCircle.csproj", "{7FB4F5D9-B95E-420F-B7F1-26C102FA54B8}"
EndProject
Project("{FAE04EC0-301F-11D3-BF4B-00C04F79EFBC}") = "05OddNumber", "05OddNumber\05OddNumber.csproj", "{8D264D37-16DD-46F8-A09C-262CCB15B577}"
EndProject
Project("{FAE04EC0-301F-11D3-BF4B-00C04F79EFBC}") = "06ArithmeticOperations", "06ArithmeticOperations\06ArithmeticOperations.csproj", "{36B92AB1-611E-40DA-A188-AF5F12F10841}"
EndProject
Project("{FAE04EC0-301F-11D3-BF4B-00C04F79EFBC}") = "07AreaOfRectangle", "07AreaOfRectangle\07AreaOfRectangle.csproj", "{64BEDB01-7906-47F1-876C-EA9B75FEEEFD}"
EndProject
Project("{FAE04EC0-301F-11D3-BF4B-00C04F79EFBC}") = "08Ratio", "08Ratio\08Ratio.csproj", "{21049F20-8458-4365-9390-39EDFFC0E91C}"
EndProject
Project("{FAE04EC0-301F-11D3-BF4B-00C04F79EFBC}") = "09LargestInteger", "09LargestInteger\09LargestInteger.csproj", "{4BF50BCE-F53F-4E6E-BE84-FDB2F5110078}"
EndProject
Project("{FAE04EC0-301F-11D3-BF4B-00C04F79EFBC}") = "10EqualOrNot", "10EqualOrNot\10EqualOrNot.csproj", "{689FE244-5594-48E7-B58E-B9E830FF93F4}"
EndProject
Project("{FAE04EC0-301F-11D3-BF4B-00C04F79EFBC}") = "11CharacterEqual", "11CharacterEqual\11CharacterEqual.csproj", "{67FD6E58-C815-44A2-8993-8324439DFCD4}"
EndProject
Project("{FAE04EC0-301F-11D3-BF4B-00C04F79EFBC}") = "12NumberInWords", "12NumberInWords\12NumberInWords.csproj", "{310C7ACC-57E7-4392-A6A3-74CE625C75C0}"
EndProject
Project("{FAE04EC0-301F-11D3-BF4B-00C04F79EFBC}") = "13LibraryManagement", "13LibraryManagement\13LibraryManagement.csproj", "{9DDFB64C-46F9-4F3B-889A-20442D43EA69}"
EndProject
Project("{FAE04EC0-301F-11D3-BF4B-00C04F79EFBC}") = "14LeapYear", "14LeapYear\14LeapYear.csproj", "{8E342235-15D4-40D3-87DF-8B77EE402BFD}"
EndProject
Project("{FAE04EC0-301F-11D3-BF4B-00C04F79EFBC}") = "15StringLength", "15StringLength\15StringLength.csproj", "{A368DE4F-81DA-42AC-94CF-020BCE76AAD5}"
EndProject
Project("{FAE04EC0-301F-11D3-BF4B-00C04F79EFBC}") = "16Dateformats", "16Dateformats\16Dateformats.csproj", "{90F2B0EE-1015-4027-8B5C-F8FF2B433A2B}"
EndProject
Project("{FAE04EC0-301F-11D3-BF4B-00C04F79EFBC}") = "17CompareDates", "17CompareDates\17CompareDates.csproj", "{C89E654C-A538-4866-96AF-F05DC483C198}"
EndProject
Project("{FAE04EC0-301F-11D3-BF4B-00C04F79EFBC}") = "18RandomNumbers", "18RandomNumbers\18RandomNumbers.csproj", "{8533D46C-128A-464F-8D67-F634DBA14418}"
EndProject
Project("{FAE04EC0-301F-11D3-BF4B-00C04F79EFBC}") = "19ReverseArray", "19ReverseArray\19ReverseArray.csproj", "{9D0AE5AA-55E1-4C3C-A0B8-8C733304CED3}"
EndProject
Project("{FAE04EC0-301F-11D3-BF4B-00C04F79EFBC}") = "20SortOneDimArray", "20SortOneDimArray\20SortOneDimArray.csproj", "{D13B4381-2F51-482B-ABC3-0C2D423621B5}"
EndProject
Project("{FAE04EC0-301F-11D3-BF4B-00C04F79EFBC}") = "21MultiDimArray", "21MultiDimArray\21MultiDimArray.csproj", "{D4E445CD-3183-4EC5-B9C5-5C4D2DDB0BB2}"
EndProject
Project("{FAE04EC0-301F-11D3-BF4B-00C04F79EFBC}") = "22ArrayCopy", "22ArrayCopy\22ArrayCopy.csproj", "{F225FAF4-B575-41CA-A6BD-7292406E8881}"
EndProject
Project("{FAE04EC0-301F-11D3-BF4B-00C04F79EFBC}") = "23ReverseString", "23ReverseString\23ReverseString.csproj", "{92DF8062-33B5-43B9-96F1-D7D5EE3718F1}"
EndProject
Project("{FAE04EC0-301F-11D3-BF4B-00C04F79EFBC}") = "24Average", "24Average\24Average.csproj", "{5E48E56B-EC36-40A8-85FA-D7E828079556}"
EndProject
Project("{FAE04EC0-301F-11D3-BF4B-00C04F79EFBC}") = "25EvenNumbers", "25EvenNumbers\25EvenNumbers.csproj", "{61191065-C5DF-477E-95D5-BC2776087F31}"
EndProject
Project("{FAE04EC0-301F-11D3-BF4B-00C04F79EFBC}") = "26DateInString", "26DateInString\26DateInString.csproj", "{B1FEF639-C19A-4EB4-9E8C-9E777B529ABB}"
EndProject
Project("{FAE04EC0-301F-11D3-BF4B-00C04F79EFBC}") = "ConsoleApp1", "ConsoleApp1\ConsoleApp1.csproj", "{BBEDB782-B185-4433-98A9-0B1E717D8AC6}"
EndProject
Project("{FAE04EC0-301F-11D3-BF4B-00C04F79EFBC}") = "28Array08", "28Array08\28Array08.csproj", "{38F2E7E3-AC55-4697-A9C7-9D3B2D607002}"
EndProject
Project("{FAE04EC0-301F-11D3-BF4B-00C04F79EFBC}") = "29Matrix", "29Matrix\29Matrix.csproj", "{B4476A25-EAEA-460C-BD35-7805A5BA3B97}"
EndProject
Project("{FAE04EC0-301F-11D3-BF4B-00C04F79EFBC}") = "30SumOfDigitsInString", "30SumOfDigitsInString\30SumOfDigitsInString.csproj", "{3FB80E8B-59EE-482C-A056-B69678DC992E}"
EndProject
Project("{FAE04EC0-301F-11D3-BF4B-00C04F79EFBC}") = "31Substring", "31Substring\31Substring.csproj", "{2AD5B147-F9E6-4D54-A613-67B7AA4AA49F}"
EndProject
Project("{FAE04EC0-301F-11D3-BF4B-00C04F79EFBC}") = "32ConcatenateString", "32ConcatenateString\32ConcatenateString.csproj", "{42124E0F-1C16-4AAB-BB3A-F3FD2C67E2E4}"
EndProject
Project("{FAE04EC0-301F-11D3-BF4B-00C04F79EFBC}") = "33STructureDateOfBirth", "33STructureDateOfBirth\33STructureDateOfBirth.csproj", "{E71C8261-70B0-4651-93E6-34BFC6440341}"
EndProject
Project("{FAE04EC0-301F-11D3-BF4B-00C04F79EFBC}") = "34FrequencyInString", "34FrequencyInString\34FrequencyInString.csproj", "{2872E1F0-9BC4-4C8C-AB13-002EDE3AF866}"
EndProject
Project("{FAE04EC0-301F-11D3-BF4B-00C04F79EFBC}") = "35PalindromeString", "35PalindromeString\35PalindromeString.csproj", "{0E7073C0-1319-4060-8E16-E88DD9419FC8}"
EndProject
Project("{FAE04EC0-301F-11D3-BF4B-00C04F79EFBC}") = "36CountVowelsAndConsonants", "36CountVowelsAndConsonants\36CountVowelsAndConsonants.csproj", "{B0E8119B-44B1-4C2B-8923-203EE142406D}"
EndProject
Project("{FAE04EC0-301F-11D3-BF4B-00C04F79EFBC}") = "37ReplaceSubString", "37ReplaceSubString\37ReplaceSubString.csproj", "{613D3935-8EB7-4423-86E8-8E68FBC18F49}"
EndProject
Project("{FAE04EC0-301F-11D3-BF4B-00C04F79EFBC}") = "38sumOfRightDiagnols", "38sumOfRightDiagnols\38sumOfRightDiagnols.csproj", "{3C3FF716-0B3C-4138-8AB9-632B1F397E61}"
EndProject
Global
	GlobalSection(SolutionConfigurationPlatforms) = preSolution
		Debug|Any CPU = Debug|Any CPU
		Release|Any CPU = Release|Any CPU
	EndGlobalSection
	GlobalSection(ProjectConfigurationPlatforms) = postSolution
		{DF6BA19B-601B-4216-9E8E-3AAAED28C994}.Debug|Any CPU.ActiveCfg = Debug|Any CPU
		{DF6BA19B-601B-4216-9E8E-3AAAED28C994}.Debug|Any CPU.Build.0 = Debug|Any CPU
		{DF6BA19B-601B-4216-9E8E-3AAAED28C994}.Release|Any CPU.ActiveCfg = Release|Any CPU
		{DF6BA19B-601B-4216-9E8E-3AAAED28C994}.Release|Any CPU.Build.0 = Release|Any CPU
		{655971C0-0C30-4AF5-8D31-418639E72350}.Debug|Any CPU.ActiveCfg = Debug|Any CPU
		{655971C0-0C30-4AF5-8D31-418639E72350}.Debug|Any CPU.Build.0 = Debug|Any CPU
		{655971C0-0C30-4AF5-8D31-418639E72350}.Release|Any CPU.ActiveCfg = Release|Any CPU
		{655971C0-0C30-4AF5-8D31-418639E72350}.Release|Any CPU.Build.0 = Release|Any CPU
		{06608B32-5A8E-482A-92BA-F2CF5A069CFC}.Debug|Any CPU.ActiveCfg = Debug|Any CPU
		{06608B32-5A8E-482A-92BA-F2CF5A069CFC}.Debug|Any CPU.Build.0 = Debug|Any CPU
		{06608B32-5A8E-482A-92BA-F2CF5A069CFC}.Release|Any CPU.ActiveCfg = Release|Any CPU
		{06608B32-5A8E-482A-92BA-F2CF5A069CFC}.Release|Any CPU.Build.0 = Release|Any CPU
		{7FB4F5D9-B95E-420F-B7F1-26C102FA54B8}.Debug|Any CPU.ActiveCfg = Debug|Any CPU
		{7FB4F5D9-B95E-420F-B7F1-26C102FA54B8}.Debug|Any CPU.Build.0 = Debug|Any CPU
		{7FB4F5D9-B95E-420F-B7F1-26C102FA54B8}.Release|Any CPU.ActiveCfg = Release|Any CPU
		{7FB4F5D9-B95E-420F-B7F1-26C102FA54B8}.Release|Any CPU.Build.0 = Release|Any CPU
		{8D264D37-16DD-46F8-A09C-262CCB15B577}.Debug|Any CPU.ActiveCfg = Debug|Any CPU
		{8D264D37-16DD-46F8-A09C-262CCB15B577}.Debug|Any CPU.Build.0 = Debug|Any CPU
		{8D264D37-16DD-46F8-A09C-262CCB15B577}.Release|Any CPU.ActiveCfg = Release|Any CPU
		{8D264D37-16DD-46F8-A09C-262CCB15B577}.Release|Any CPU.Build.0 = Release|Any CPU
		{36B92AB1-611E-40DA-A188-AF5F12F10841}.Debug|Any CPU.ActiveCfg = Debug|Any CPU
		{36B92AB1-611E-40DA-A188-AF5F12F10841}.Debug|Any CPU.Build.0 = Debug|Any CPU
		{36B92AB1-611E-40DA-A188-AF5F12F10841}.Release|Any CPU.ActiveCfg = Release|Any CPU
		{36B92AB1-611E-40DA-A188-AF5F12F10841}.Release|Any CPU.Build.0 = Release|Any CPU
		{64BEDB01-7906-47F1-876C-EA9B75FEEEFD}.Debug|Any CPU.ActiveCfg = Debug|Any CPU
		{64BEDB01-7906-47F1-876C-EA9B75FEEEFD}.Debug|Any CPU.Build.0 = Debug|Any CPU
		{64BEDB01-7906-47F1-876C-EA9B75FEEEFD}.Release|Any CPU.ActiveCfg = Release|Any CPU
		{64BEDB01-7906-47F1-876C-EA9B75FEEEFD}.Release|Any CPU.Build.0 = Release|Any CPU
		{21049F20-8458-4365-9390-39EDFFC0E91C}.Debug|Any CPU.ActiveCfg = Debug|Any CPU
		{21049F20-8458-4365-9390-39EDFFC0E91C}.Debug|Any CPU.Build.0 = Debug|Any CPU
		{21049F20-8458-4365-9390-39EDFFC0E91C}.Release|Any CPU.ActiveCfg = Release|Any CPU
		{21049F20-8458-4365-9390-39EDFFC0E91C}.Release|Any CPU.Build.0 = Release|Any CPU
		{4BF50BCE-F53F-4E6E-BE84-FDB2F5110078}.Debug|Any CPU.ActiveCfg = Debug|Any CPU
		{4BF50BCE-F53F-4E6E-BE84-FDB2F5110078}.Debug|Any CPU.Build.0 = Debug|Any CPU
		{4BF50BCE-F53F-4E6E-BE84-FDB2F5110078}.Release|Any CPU.ActiveCfg = Release|Any CPU
		{4BF50BCE-F53F-4E6E-BE84-FDB2F5110078}.Release|Any CPU.Build.0 = Release|Any CPU
		{689FE244-5594-48E7-B58E-B9E830FF93F4}.Debug|Any CPU.ActiveCfg = Debug|Any CPU
		{689FE244-5594-48E7-B58E-B9E830FF93F4}.Debug|Any CPU.Build.0 = Debug|Any CPU
		{689FE244-5594-48E7-B58E-B9E830FF93F4}.Release|Any CPU.ActiveCfg = Release|Any CPU
		{689FE244-5594-48E7-B58E-B9E830FF93F4}.Release|Any CPU.Build.0 = Release|Any CPU
		{67FD6E58-C815-44A2-8993-8324439DFCD4}.Debug|Any CPU.ActiveCfg = Debug|Any CPU
		{67FD6E58-C815-44A2-8993-8324439DFCD4}.Debug|Any CPU.Build.0 = Debug|Any CPU
		{67FD6E58-C815-44A2-8993-8324439DFCD4}.Release|Any CPU.ActiveCfg = Release|Any CPU
		{67FD6E58-C815-44A2-8993-8324439DFCD4}.Release|Any CPU.Build.0 = Release|Any CPU
		{310C7ACC-57E7-4392-A6A3-74CE625C75C0}.Debug|Any CPU.ActiveCfg = Debug|Any CPU
		{310C7ACC-57E7-4392-A6A3-74CE625C75C0}.Debug|Any CPU.Build.0 = Debug|Any CPU
		{310C7ACC-57E7-4392-A6A3-74CE625C75C0}.Release|Any CPU.ActiveCfg = Release|Any CPU
		{310C7ACC-57E7-4392-A6A3-74CE625C75C0}.Release|Any CPU.Build.0 = Release|Any CPU
		{9DDFB64C-46F9-4F3B-889A-20442D43EA69}.Debug|Any CPU.ActiveCfg = Debug|Any CPU
		{9DDFB64C-46F9-4F3B-889A-20442D43EA69}.Debug|Any CPU.Build.0 = Debug|Any CPU
		{9DDFB64C-46F9-4F3B-889A-20442D43EA69}.Release|Any CPU.ActiveCfg = Release|Any CPU
		{9DDFB64C-46F9-4F3B-889A-20442D43EA69}.Release|Any CPU.Build.0 = Release|Any CPU
		{8E342235-15D4-40D3-87DF-8B77EE402BFD}.Debug|Any CPU.ActiveCfg = Debug|Any CPU
		{8E342235-15D4-40D3-87DF-8B77EE402BFD}.Debug|Any CPU.Build.0 = Debug|Any CPU
		{8E342235-15D4-40D3-87DF-8B77EE402BFD}.Release|Any CPU.ActiveCfg = Release|Any CPU
		{8E342235-15D4-40D3-87DF-8B77EE402BFD}.Release|Any CPU.Build.0 = Release|Any CPU
		{A368DE4F-81DA-42AC-94CF-020BCE76AAD5}.Debug|Any CPU.ActiveCfg = Debug|Any CPU
		{A368DE4F-81DA-42AC-94CF-020BCE76AAD5}.Debug|Any CPU.Build.0 = Debug|Any CPU
		{A368DE4F-81DA-42AC-94CF-020BCE76AAD5}.Release|Any CPU.ActiveCfg = Release|Any CPU
		{A368DE4F-81DA-42AC-94CF-020BCE76AAD5}.Release|Any CPU.Build.0 = Release|Any CPU
		{90F2B0EE-1015-4027-8B5C-F8FF2B433A2B}.Debug|Any CPU.ActiveCfg = Debug|Any CPU
		{90F2B0EE-1015-4027-8B5C-F8FF2B433A2B}.Debug|Any CPU.Build.0 = Debug|Any CPU
		{90F2B0EE-1015-4027-8B5C-F8FF2B433A2B}.Release|Any CPU.ActiveCfg = Release|Any CPU
		{90F2B0EE-1015-4027-8B5C-F8FF2B433A2B}.Release|Any CPU.Build.0 = Release|Any CPU
		{C89E654C-A538-4866-96AF-F05DC483C198}.Debug|Any CPU.ActiveCfg = Debug|Any CPU
		{C89E654C-A538-4866-96AF-F05DC483C198}.Debug|Any CPU.Build.0 = Debug|Any CPU
		{C89E654C-A538-4866-96AF-F05DC483C198}.Release|Any CPU.ActiveCfg = Release|Any CPU
		{C89E654C-A538-4866-96AF-F05DC483C198}.Release|Any CPU.Build.0 = Release|Any CPU
		{8533D46C-128A-464F-8D67-F634DBA14418}.Debug|Any CPU.ActiveCfg = Debug|Any CPU
		{8533D46C-128A-464F-8D67-F634DBA14418}.Debug|Any CPU.Build.0 = Debug|Any CPU
		{8533D46C-128A-464F-8D67-F634DBA14418}.Release|Any CPU.ActiveCfg = Release|Any CPU
		{8533D46C-128A-464F-8D67-F634DBA14418}.Release|Any CPU.Build.0 = Release|Any CPU
		{9D0AE5AA-55E1-4C3C-A0B8-8C733304CED3}.Debug|Any CPU.ActiveCfg = Debug|Any CPU
		{9D0AE5AA-55E1-4C3C-A0B8-8C733304CED3}.Debug|Any CPU.Build.0 = Debug|Any CPU
		{9D0AE5AA-55E1-4C3C-A0B8-8C733304CED3}.Release|Any CPU.ActiveCfg = Release|Any CPU
		{9D0AE5AA-55E1-4C3C-A0B8-8C733304CED3}.Release|Any CPU.Build.0 = Release|Any CPU
		{D13B4381-2F51-482B-ABC3-0C2D423621B5}.Debug|Any CPU.ActiveCfg = Debug|Any CPU
		{D13B4381-2F51-482B-ABC3-0C2D423621B5}.Debug|Any CPU.Build.0 = Debug|Any CPU
		{D13B4381-2F51-482B-ABC3-0C2D423621B5}.Release|Any CPU.ActiveCfg = Release|Any CPU
		{D13B4381-2F51-482B-ABC3-0C2D423621B5}.Release|Any CPU.Build.0 = Release|Any CPU
		{D4E445CD-3183-4EC5-B9C5-5C4D2DDB0BB2}.Debug|Any CPU.ActiveCfg = Debug|Any CPU
		{D4E445CD-3183-4EC5-B9C5-5C4D2DDB0BB2}.Debug|Any CPU.Build.0 = Debug|Any CPU
		{D4E445CD-3183-4EC5-B9C5-5C4D2DDB0BB2}.Release|Any CPU.ActiveCfg = Release|Any CPU
		{D4E445CD-3183-4EC5-B9C5-5C4D2DDB0BB2}.Release|Any CPU.Build.0 = Release|Any CPU
		{F225FAF4-B575-41CA-A6BD-7292406E8881}.Debug|Any CPU.ActiveCfg = Debug|Any CPU
		{F225FAF4-B575-41CA-A6BD-7292406E8881}.Debug|Any CPU.Build.0 = Debug|Any CPU
		{F225FAF4-B575-41CA-A6BD-7292406E8881}.Release|Any CPU.ActiveCfg = Release|Any CPU
		{F225FAF4-B575-41CA-A6BD-7292406E8881}.Release|Any CPU.Build.0 = Release|Any CPU
		{92DF8062-33B5-43B9-96F1-D7D5EE3718F1}.Debug|Any CPU.ActiveCfg = Debug|Any CPU
		{92DF8062-33B5-43B9-96F1-D7D5EE3718F1}.Debug|Any CPU.Build.0 = Debug|Any CPU
		{92DF8062-33B5-43B9-96F1-D7D5EE3718F1}.Release|Any CPU.ActiveCfg = Release|Any CPU
		{92DF8062-33B5-43B9-96F1-D7D5EE3718F1}.Release|Any CPU.Build.0 = Release|Any CPU
		{5E48E56B-EC36-40A8-85FA-D7E828079556}.Debug|Any CPU.ActiveCfg = Debug|Any CPU
		{5E48E56B-EC36-40A8-85FA-D7E828079556}.Debug|Any CPU.Build.0 = Debug|Any CPU
		{5E48E56B-EC36-40A8-85FA-D7E828079556}.Release|Any CPU.ActiveCfg = Release|Any CPU
		{5E48E56B-EC36-40A8-85FA-D7E828079556}.Release|Any CPU.Build.0 = Release|Any CPU
		{61191065-C5DF-477E-95D5-BC2776087F31}.Debug|Any CPU.ActiveCfg = Debug|Any CPU
		{61191065-C5DF-477E-95D5-BC2776087F31}.Debug|Any CPU.Build.0 = Debug|Any CPU
		{61191065-C5DF-477E-95D5-BC2776087F31}.Release|Any CPU.ActiveCfg = Release|Any CPU
		{61191065-C5DF-477E-95D5-BC2776087F31}.Release|Any CPU.Build.0 = Release|Any CPU
		{B1FEF639-C19A-4EB4-9E8C-9E777B529ABB}.Debug|Any CPU.ActiveCfg = Debug|Any CPU
		{B1FEF639-C19A-4EB4-9E8C-9E777B529ABB}.Debug|Any CPU.Build.0 = Debug|Any CPU
		{B1FEF639-C19A-4EB4-9E8C-9E777B529ABB}.Release|Any CPU.ActiveCfg = Release|Any CPU
		{B1FEF639-C19A-4EB4-9E8C-9E777B529ABB}.Release|Any CPU.Build.0 = Release|Any CPU
		{BBEDB782-B185-4433-98A9-0B1E717D8AC6}.Debug|Any CPU.ActiveCfg = Debug|Any CPU
		{BBEDB782-B185-4433-98A9-0B1E717D8AC6}.Debug|Any CPU.Build.0 = Debug|Any CPU
		{BBEDB782-B185-4433-98A9-0B1E717D8AC6}.Release|Any CPU.ActiveCfg = Release|Any CPU
		{BBEDB782-B185-4433-98A9-0B1E717D8AC6}.Release|Any CPU.Build.0 = Release|Any CPU
		{38F2E7E3-AC55-4697-A9C7-9D3B2D607002}.Debug|Any CPU.ActiveCfg = Debug|Any CPU
		{38F2E7E3-AC55-4697-A9C7-9D3B2D607002}.Debug|Any CPU.Build.0 = Debug|Any CPU
		{38F2E7E3-AC55-4697-A9C7-9D3B2D607002}.Release|Any CPU.ActiveCfg = Release|Any CPU
		{38F2E7E3-AC55-4697-A9C7-9D3B2D607002}.Release|Any CPU.Build.0 = Release|Any CPU
		{B4476A25-EAEA-460C-BD35-7805A5BA3B97}.Debug|Any CPU.ActiveCfg = Debug|Any CPU
		{B4476A25-EAEA-460C-BD35-7805A5BA3B97}.Debug|Any CPU.Build.0 = Debug|Any CPU
		{B4476A25-EAEA-460C-BD35-7805A5BA3B97}.Release|Any CPU.ActiveCfg = Release|Any CPU
		{B4476A25-EAEA-460C-BD35-7805A5BA3B97}.Release|Any CPU.Build.0 = Release|Any CPU
		{3FB80E8B-59EE-482C-A056-B69678DC992E}.Debug|Any CPU.ActiveCfg = Debug|Any CPU
		{3FB80E8B-59EE-482C-A056-B69678DC992E}.Debug|Any CPU.Build.0 = Debug|Any CPU
		{3FB80E8B-59EE-482C-A056-B69678DC992E}.Release|Any CPU.ActiveCfg = Release|Any CPU
		{3FB80E8B-59EE-482C-A056-B69678DC992E}.Release|Any CPU.Build.0 = Release|Any CPU
		{2AD5B147-F9E6-4D54-A613-67B7AA4AA49F}.Debug|Any CPU.ActiveCfg = Debug|Any CPU
		{2AD5B147-F9E6-4D54-A613-67B7AA4AA49F}.Debug|Any CPU.Build.0 = Debug|Any CPU
		{2AD5B147-F9E6-4D54-A613-67B7AA4AA49F}.Release|Any CPU.ActiveCfg = Release|Any CPU
		{2AD5B147-F9E6-4D54-A613-67B7AA4AA49F}.Release|Any CPU.Build.0 = Release|Any CPU
		{42124E0F-1C16-4AAB-BB3A-F3FD2C67E2E4}.Debug|Any CPU.ActiveCfg = Debug|Any CPU
		{42124E0F-1C16-4AAB-BB3A-F3FD2C67E2E4}.Debug|Any CPU.Build.0 = Debug|Any CPU
		{42124E0F-1C16-4AAB-BB3A-F3FD2C67E2E4}.Release|Any CPU.ActiveCfg = Release|Any CPU
		{42124E0F-1C16-4AAB-BB3A-F3FD2C67E2E4}.Release|Any CPU.Build.0 = Release|Any CPU
		{E71C8261-70B0-4651-93E6-34BFC6440341}.Debug|Any CPU.ActiveCfg = Debug|Any CPU
		{E71C8261-70B0-4651-93E6-34BFC6440341}.Debug|Any CPU.Build.0 = Debug|Any CPU
		{E71C8261-70B0-4651-93E6-34BFC6440341}.Release|Any CPU.ActiveCfg = Release|Any CPU
		{E71C8261-70B0-4651-93E6-34BFC6440341}.Release|Any CPU.Build.0 = Release|Any CPU
		{2872E1F0-9BC4-4C8C-AB13-002EDE3AF866}.Debug|Any CPU.ActiveCfg = Debug|Any CPU
		{2872E1F0-9BC4-4C8C-AB13-002EDE3AF866}.Debug|Any CPU.Build.0 = Debug|Any CPU
		{2872E1F0-9BC4-4C8C-AB13-002EDE3AF866}.Release|Any CPU.ActiveCfg = Release|Any CPU
		{2872E1F0-9BC4-4C8C-AB13-002EDE3AF866}.Release|Any CPU.Build.0 = Release|Any CPU
		{0E7073C0-1319-4060-8E16-E88DD9419FC8}.Debug|Any CPU.ActiveCfg = Debug|Any CPU
		{0E7073C0-1319-4060-8E16-E88DD9419FC8}.Debug|Any CPU.Build.0 = Debug|Any CPU
		{0E7073C0-1319-4060-8E16-E88DD9419FC8}.Release|Any CPU.ActiveCfg = Release|Any CPU
		{0E7073C0-1319-4060-8E16-E88DD9419FC8}.Release|Any CPU.Build.0 = Release|Any CPU
		{B0E8119B-44B1-4C2B-8923-203EE142406D}.Debug|Any CPU.ActiveCfg = Debug|Any CPU
		{B0E8119B-44B1-4C2B-8923-203EE142406D}.Debug|Any CPU.Build.0 = Debug|Any CPU
		{B0E8119B-44B1-4C2B-8923-203EE142406D}.Release|Any CPU.ActiveCfg = Release|Any CPU
		{B0E8119B-44B1-4C2B-8923-203EE142406D}.Release|Any CPU.Build.0 = Release|Any CPU
		{613D3935-8EB7-4423-86E8-8E68FBC18F49}.Debug|Any CPU.ActiveCfg = Debug|Any CPU
		{613D3935-8EB7-4423-86E8-8E68FBC18F49}.Debug|Any CPU.Build.0 = Debug|Any CPU
		{613D3935-8EB7-4423-86E8-8E68FBC18F49}.Release|Any CPU.ActiveCfg = Release|Any CPU
		{613D3935-8EB7-4423-86E8-8E68FBC18F49}.Release|Any CPU.Build.0 = Release|Any CPU
		{3C3FF716-0B3C-4138-8AB9-632B1F397E61}.Debug|Any CPU.ActiveCfg = Debug|Any CPU
		{3C3FF716-0B3C-4138-8AB9-632B1F397E61}.Debug|Any CPU.Build.0 = Debug|Any CPU
		{3C3FF716-0B3C-4138-8AB9-632B1F397E61}.Release|Any CPU.ActiveCfg = Release|Any CPU
		{3C3FF716-0B3C-4138-8AB9-632B1F397E61}.Release|Any CPU.Build.0 = Release|Any CPU
	EndGlobalSection
	GlobalSection(SolutionProperties) = preSolution
		HideSolutionNode = FALSE
	EndGlobalSection
	GlobalSection(ExtensibilityGlobals) = postSolution
		SolutionGuid = {E12C94E1-0987-41E8-AF42-6925845CD872}
	EndGlobalSection
EndGlobal
