
Microsoft Visual Studio Solution File, Format Version 12.00
# Visual Studio Version 16
VisualStudioVersion = 16.0.29306.81
MinimumVisualStudioVersion = 10.0.40219.1
Project("{FAE04EC0-301F-11D3-BF4B-00C04F79EFBC}") = "01HelloWorld", "01HelloWorld\01HelloWorld.csproj", "{180B6A90-8633-498D-83E6-88DAB08282E0}"
EndProject
Project("{FAE04EC0-301F-11D3-BF4B-00C04F79EFBC}") = "02DataTypes1", "02DataTypes1\02DataTypes1.csproj", "{4664A159-C8B2-471B-B8B9-529A3274B4F1}"
EndProject
Project("{FAE04EC0-301F-11D3-BF4B-00C04F79EFBC}") = "03Comments", "03Comments\03Comments.csproj", "{C77AD3FF-C80A-4D74-B20B-D48B3672CA79}"
EndProject
Project("{FAE04EC0-301F-11D3-BF4B-00C04F79EFBC}") = "04ArithmeticOperator", "04ArithmeticOperator\04ArithmeticOperator.csproj", "{55315E61-4E19-40EA-BFC7-506BFBDDF2E5}"
EndProject
Project("{FAE04EC0-301F-11D3-BF4B-00C04F79EFBC}") = "05GoTo", "05GoTo\05GoTo.csproj", "{9BAC16D4-8264-4262-9DBA-85BDB4DE4FD5}"
EndProject
Project("{FAE04EC0-301F-11D3-BF4B-00C04F79EFBC}") = "06IfElse", "06IfElse\06IfElse.csproj", "{0EFFE799-C3C3-45E9-8F0C-BC51AF0E9FA9}"
EndProject
Project("{FAE04EC0-301F-11D3-BF4B-00C04F79EFBC}") = "07If Else If", "07If Else If\07If Else If.csproj", "{A2BB4E11-EF37-4E34-A01D-406ADD38C271}"
EndProject
Project("{FAE04EC0-301F-11D3-BF4B-00C04F79EFBC}") = "08Nested If", "08Nested If\08Nested If.csproj", "{B0DE3B2B-6A76-4755-8788-586654B04A4B}"
EndProject
Project("{FAE04EC0-301F-11D3-BF4B-00C04F79EFBC}") = "09SwitchCase", "09SwitchCase\09SwitchCase.csproj", "{1D6054EF-4E84-44B6-8349-C30EE1022136}"
EndProject
Project("{FAE04EC0-301F-11D3-BF4B-00C04F79EFBC}") = "10TernaryOperator", "10TernaryOperator\10TernaryOperator.csproj", "{7541A4AC-3138-428A-A1B8-679A42664FBA}"
EndProject
Project("{FAE04EC0-301F-11D3-BF4B-00C04F79EFBC}") = "11ForLoop", "11ForLoop\11ForLoop.csproj", "{DF32F5D1-E470-4BD2-A58B-FC00F465EF7A}"
EndProject
Project("{FAE04EC0-301F-11D3-BF4B-00C04F79EFBC}") = "12WhileLoop", "12WhileLoop\12WhileLoop.csproj", "{B4145498-23C0-42C5-991D-288E4D80A0EA}"
EndProject
Project("{FAE04EC0-301F-11D3-BF4B-00C04F79EFBC}") = "13Dowhile", "13Dowhile\13Dowhile.csproj", "{CFA506C3-FA3D-4785-9F6D-C7118C06E4AB}"
EndProject
Project("{FAE04EC0-301F-11D3-BF4B-00C04F79EFBC}") = "14ContinueAndBreak", "14ContinueAndBreak\14ContinueAndBreak.csproj", "{BC91B753-68F1-40B6-98E1-C58BE95A1CF4}"
EndProject
Project("{FAE04EC0-301F-11D3-BF4B-00C04F79EFBC}") = "15NestedFor", "15NestedFor\15NestedFor.csproj", "{9AFA378D-C3C5-4D2C-8636-941687AEACFA}"
EndProject
Project("{FAE04EC0-301F-11D3-BF4B-00C04F79EFBC}") = "16ArrayDemo1", "16ArrayDemo1\16ArrayDemo1.csproj", "{4A6143E6-9CCE-4419-8E1B-6DBEC8A5E507}"
EndProject
Project("{FAE04EC0-301F-11D3-BF4B-00C04F79EFBC}") = "17ForEach", "17ForEach\17ForEach.csproj", "{F402228F-A856-41E1-BAC3-A3762D16825C}"
EndProject
Project("{FAE04EC0-301F-11D3-BF4B-00C04F79EFBC}") = "18TwoDimensionArray", "18TwoDimensionArray\18TwoDimensionArray.csproj", "{9A867208-37EC-4F48-A113-148BE380E2EF}"
EndProject
Project("{FAE04EC0-301F-11D3-BF4B-00C04F79EFBC}") = "19SumTwoDimArray", "19SumTwoDimArray\19SumTwoDimArray.csproj", "{C769DC98-AA5C-4DE6-9972-309BDF038190}"
EndProject
Project("{FAE04EC0-301F-11D3-BF4B-00C04F79EFBC}") = "20JaggedArray", "20JaggedArray\20JaggedArray.csproj", "{87107A02-5600-400F-AB86-C90887178D67}"
EndProject
Project("{FAE04EC0-301F-11D3-BF4B-00C04F79EFBC}") = "21StringDemo", "21StringDemo\21StringDemo.csproj", "{2C953180-4321-4500-B164-ED6413BE03E9}"
EndProject
Project("{FAE04EC0-301F-11D3-BF4B-00C04F79EFBC}") = "21StringDemo1", "21StringDemo1\21StringDemo1.csproj", "{9DF56EA3-2A55-43ED-AE86-54632D1F5512}"
EndProject
Project("{FAE04EC0-301F-11D3-BF4B-00C04F79EFBC}") = "23EnumsDemo", "23EnumsDemo\23EnumsDemo.csproj", "{4AA5AAFD-08D1-4BD0-B519-135964F266E3}"
EndProject
Project("{FAE04EC0-301F-11D3-BF4B-00C04F79EFBC}") = "24EnumsDemo2", "24EnumsDemo2\24EnumsDemo2.csproj", "{8719E60F-1A3D-49E8-B00A-49D2C31C5CC5}"
EndProject
Project("{FAE04EC0-301F-11D3-BF4B-00C04F79EFBC}") = "25StructureDemo", "25StructureDemo\25StructureDemo.csproj", "{63AA6FE6-B4FE-4670-BC6F-54E01CF6F6D9}"
EndProject
Project("{FAE04EC0-301F-11D3-BF4B-00C04F79EFBC}") = "26StructureDemo2", "26StructureDemo2\26StructureDemo2.csproj", "{2A2CF2B0-BF80-4408-BB73-9715EA160987}"
EndProject
Project("{FAE04EC0-301F-11D3-BF4B-00C04F79EFBC}") = "27StructureWithEnum", "27StructureWithEnum\27StructureWithEnum.csproj", "{44F55F6A-516C-43B2-9C09-1E8F6BF57B43}"
EndProject
Project("{FAE04EC0-301F-11D3-BF4B-00C04F79EFBC}") = "28FunctionsDemo1", "28FunctionsDemo1\28FunctionsDemo1.csproj", "{3235CE93-2AB2-4648-B43A-354C226CE4F6}"
EndProject
Project("{FAE04EC0-301F-11D3-BF4B-00C04F79EFBC}") = "29FunctionsDemo2", "29FunctionsDemo2\29FunctionsDemo2.csproj", "{F8887A79-185D-4C36-B0E5-390A3F2F5829}"
EndProject
Project("{FAE04EC0-301F-11D3-BF4B-00C04F79EFBC}") = "30FunctionsDemo3", "30FunctionsDemo3\30FunctionsDemo3.csproj", "{741FF3A8-4C08-493D-9A96-84743C35E22B}"
EndProject
Project("{FAE04EC0-301F-11D3-BF4B-00C04F79EFBC}") = "31FunctionsDemo4", "31FunctionsDemo4\31FunctionsDemo4.csproj", "{57E12F72-1137-435F-A2AE-0A09C14B809C}"
EndProject
Project("{2150E333-8FDC-42A3-9474-1A3956D46DE8}") = "Basics", "Basics", "{3ED93AF8-80C5-446A-ABB0-94E406922218}"
EndProject
Project("{2150E333-8FDC-42A3-9474-1A3956D46DE8}") = "OOPS", "OOPS", "{DE5B437A-24AB-40B7-8F8E-73B38728632D}"
EndProject
Project("{FAE04EC0-301F-11D3-BF4B-00C04F79EFBC}") = "32ClassesDemo", "32ClassesDemo\32ClassesDemo.csproj", "{1AB31EED-A6CC-4274-8F8B-18FD4DB16951}"
EndProject
Project("{FAE04EC0-301F-11D3-BF4B-00C04F79EFBC}") = "33Calculator", "33Calculator\33Calculator.csproj", "{725BA319-5DA4-4D5A-A147-AE42A6F3EF93}"
EndProject
Project("{FAE04EC0-301F-11D3-BF4B-00C04F79EFBC}") = "35Constructors", "35Constructors\35Constructors.csproj", "{84F4A0F0-FA3F-453D-9649-00C0F4CA47AC}"
EndProject
Project("{FAE04EC0-301F-11D3-BF4B-00C04F79EFBC}") = "36StaticKeyword", "36StaticKeyword\36StaticKeyword.csproj", "{03C46B98-0CCE-4147-BC01-56E21740C629}"
EndProject
Project("{FAE04EC0-301F-11D3-BF4B-00C04F79EFBC}") = "37StaticClass", "37StaticClass\37StaticClass.csproj", "{3DE9C8F7-4DF2-42A6-ABC1-AB27226B67AF}"
EndProject
Project("{FAE04EC0-301F-11D3-BF4B-00C04F79EFBC}") = "39StaticConstructor", "39StaticConstructor\39StaticConstructor.csproj", "{D40B041E-6598-4DE4-A3F8-886D018CD5D4}"
EndProject
Project("{FAE04EC0-301F-11D3-BF4B-00C04F79EFBC}") = "40PrivateConstructor", "40PrivateConstructor\40PrivateConstructor.csproj", "{D1E0DADD-DB57-4209-B6A8-593E2F41B824}"
EndProject
Project("{FAE04EC0-301F-11D3-BF4B-00C04F79EFBC}") = "41InheritanceDemo", "41InheritanceDemo\41InheritanceDemo.csproj", "{66DA1943-C47E-4EDF-BCFD-CA374140F478}"
EndProject
Project("{FAE04EC0-301F-11D3-BF4B-00C04F79EFBC}") = "42IhneritanceDemo1", "42IhneritanceDemo1\42IhneritanceDemo1.csproj", "{3CE77399-0171-48CB-8167-2D6F4EC3D9B7}"
EndProject
Project("{FAE04EC0-301F-11D3-BF4B-00C04F79EFBC}") = "43InheritanceDemo3", "43InheritanceDemo3\43InheritanceDemo3.csproj", "{BAB80ADB-9E8D-491C-955A-F79B7F72C81F}"
EndProject
Project("{FAE04EC0-301F-11D3-BF4B-00C04F79EFBC}") = "44InheritanceDemo4", "44InheritanceDemo4\44InheritanceDemo4.csproj", "{C102C171-1E58-4657-AE9F-DDFD247D2440}"
EndProject
Project("{FAE04EC0-301F-11D3-BF4B-00C04F79EFBC}") = "45Inheritance5", "45Inheritance5\45Inheritance5.csproj", "{4F03ECED-2CE9-46CC-ACBE-D2E13A2F5D5C}"
EndProject
Project("{FAE04EC0-301F-11D3-BF4B-00C04F79EFBC}") = "46ParametrizedConstructorInInheritance", "46ParametrizedConstructorInInheritance\46ParametrizedConstructorInInheritance.csproj", "{DD10D18D-FBC8-4205-A381-3EEC031699C6}"
EndProject
Project("{FAE04EC0-301F-11D3-BF4B-00C04F79EFBC}") = "47MethodOverloading", "47MethodOverloading\47MethodOverloading.csproj", "{B65665D3-5582-4FCE-AB04-1910A4D6BB97}"
EndProject
Project("{FAE04EC0-301F-11D3-BF4B-00C04F79EFBC}") = "48MethodOverriding", "48MethodOverriding\48MethodOverriding.csproj", "{C4E30A6C-35AD-4DFA-9B46-BCD566D5C305}"
EndProject
Project("{FAE04EC0-301F-11D3-BF4B-00C04F79EFBC}") = "49ProtectedKeyword", "49ProtectedKeyword\49ProtectedKeyword.csproj", "{7498BD0B-040D-4B39-9226-D530CF0E59E0}"
EndProject
Project("{FAE04EC0-301F-11D3-BF4B-00C04F79EFBC}") = "50Abstraction", "50Abstraction\50Abstraction.csproj", "{8A92B1A9-5473-44E5-A976-2498AE51064C}"
EndProject
Project("{FAE04EC0-301F-11D3-BF4B-00C04F79EFBC}") = "AbstractionDemo2", "AbstractionDemo2\AbstractionDemo2.csproj", "{5546B8DE-498B-4DF4-9278-9763E399293A}"
EndProject
Project("{FAE04EC0-301F-11D3-BF4B-00C04F79EFBC}") = "52SealedMethod", "52SealedMethod\52SealedMethod.csproj", "{B792C933-A1F3-4B4A-B6EC-F9D70AAEDCEC}"
EndProject
Project("{FAE04EC0-301F-11D3-BF4B-00C04F79EFBC}") = "53SealedClass", "53SealedClass\53SealedClass.csproj", "{F72C4EB1-4242-4564-A51A-D180CE84F8FF}"
EndProject
Project("{FAE04EC0-301F-11D3-BF4B-00C04F79EFBC}") = "54NestedClass", "54NestedClass\54NestedClass.csproj", "{E1126456-1142-4BC6-93C2-E27815848F3C}"
EndProject
Project("{2150E333-8FDC-42A3-9474-1A3956D46DE8}") = "Advanced", "Advanced", "{1E63055B-DABF-44B5-82F9-0072B6F67AB0}"
EndProject
Project("{FAE04EC0-301F-11D3-BF4B-00C04F79EFBC}") = "55Properties", "55Properties\55Properties.csproj", "{784C6098-D58A-4371-8351-69CAD9FC1970}"
EndProject
Project("{FAE04EC0-301F-11D3-BF4B-00C04F79EFBC}") = "56TypesOfProperties", "56TypesOfProperties\56TypesOfProperties.csproj", "{6DC02C06-C146-4B61-95EE-C2E30F6A8BEC}"
EndProject
Project("{FAE04EC0-301F-11D3-BF4B-00C04F79EFBC}") = "57AutoImplementedProperties", "57AutoImplementedProperties\57AutoImplementedProperties.csproj", "{21415711-9A78-4381-9AC3-7C031E1AD12F}"
EndProject
Project("{FAE04EC0-301F-11D3-BF4B-00C04F79EFBC}") = "58Indexers", "58Indexers\58Indexers.csproj", "{FE4C8703-1E5C-4DCF-89A2-BD6E722DD8C9}"
EndProject
Project("{FAE04EC0-301F-11D3-BF4B-00C04F79EFBC}") = "59Delegates1", "59Delegates1\59Delegates1.csproj", "{6D7F1CCD-B73B-4744-B4CD-9E31ECC1F01B}"
EndProject
Project("{FAE04EC0-301F-11D3-BF4B-00C04F79EFBC}") = "60Delegates2", "60Delegates2\60Delegates2.csproj", "{F315EFF7-3474-4CA8-8B2E-D87368E27B98}"
EndProject
Project("{FAE04EC0-301F-11D3-BF4B-00C04F79EFBC}") = "61Delegates3", "61Delegates3\61Delegates3.csproj", "{B5838625-4AFB-47A9-A8A1-DFE38621E890}"
EndProject
Project("{FAE04EC0-301F-11D3-BF4B-00C04F79EFBC}") = "61AnonymousMethod", "61AnonymousMethod\61AnonymousMethod.csproj", "{E53EFBE4-A2C8-49AC-B3BC-D590B8BBA5E1}"
EndProject
Project("{FAE04EC0-301F-11D3-BF4B-00C04F79EFBC}") = "62LambdaExpressions", "62LambdaExpressions\62LambdaExpressions.csproj", "{64BBD950-506B-43DF-999C-5A624BB1760A}"
EndProject
Project("{FAE04EC0-301F-11D3-BF4B-00C04F79EFBC}") = "63InterfaceDemo1", "63InterfaceDemo1\63InterfaceDemo1.csproj", "{01EA83A4-3339-4ADE-A77E-AD3DBC3A668A}"
EndProject
Project("{FAE04EC0-301F-11D3-BF4B-00C04F79EFBC}") = "64InterfaceInheritance", "64InterfaceInheritance\64InterfaceInheritance.csproj", "{470ED952-B10B-42B2-8255-CE83EF8D0257}"
EndProject
Project("{FAE04EC0-301F-11D3-BF4B-00C04F79EFBC}") = "65PartialClass", "65PartialClass\65PartialClass.csproj", "{1BEA5117-D93F-4C98-B370-F86B033F5498}"
EndProject
Project("{FAE04EC0-301F-11D3-BF4B-00C04F79EFBC}") = "66PartialMethods", "66PartialMethods\66PartialMethods.csproj", "{32C2378C-94FD-46D1-AD25-BA7BF6922AB7}"
EndProject
Project("{FAE04EC0-301F-11D3-BF4B-00C04F79EFBC}") = "67CollectionsArrayList", "67CollectionsArrayList\67CollectionsArrayList.csproj", "{74DCA068-DBF3-4CD9-90BF-DC94FBB92828}"
EndProject
Project("{FAE04EC0-301F-11D3-BF4B-00C04F79EFBC}") = "68StackCollections", "68StackCollections\68StackCollections.csproj", "{09EB9DB1-AB0F-44DD-97B1-76A8051A12AE}"
EndProject
Project("{FAE04EC0-301F-11D3-BF4B-00C04F79EFBC}") = "69QueueCollections", "69QueueCollections\69QueueCollections.csproj", "{A7D91EEA-E400-4907-A907-44871E3AA48C}"
EndProject
Project("{FAE04EC0-301F-11D3-BF4B-00C04F79EFBC}") = "70SortedListCollections", "70SortedListCollections\70SortedListCollections.csproj", "{ABADFEC2-BD21-4CED-94AE-9A8E3BDE1C33}"
EndProject
Project("{FAE04EC0-301F-11D3-BF4B-00C04F79EFBC}") = "71HashTableCollections", "71HashTableCollections\71HashTableCollections.csproj", "{D3B9FC36-BE37-4687-B87D-32CADCF9A60E}"
EndProject
Project("{FAE04EC0-301F-11D3-BF4B-00C04F79EFBC}") = "72GenericsDemo1", "72GenericsDemo1\72GenericsDemo1.csproj", "{A57E665E-92C6-44E5-83A9-067EE3E70CFA}"
EndProject
Project("{FAE04EC0-301F-11D3-BF4B-00C04F79EFBC}") = "73GenericsDemo2", "73GenericsDemo2\73GenericsDemo2.csproj", "{CD0EA67F-9048-4DF8-BD05-3981EE724C7C}"
EndProject
Project("{FAE04EC0-301F-11D3-BF4B-00C04F79EFBC}") = "74GenericClasses", "74GenericClasses\74GenericClasses.csproj", "{8BF66D87-AA1F-4A34-8701-A97BF9577B75}"
EndProject
Project("{FAE04EC0-301F-11D3-BF4B-00C04F79EFBC}") = "75GenericList", "75GenericList\75GenericList.csproj", "{7DD224B2-9D29-4F4E-90C1-28105E033ADA}"
EndProject
Project("{FAE04EC0-301F-11D3-BF4B-00C04F79EFBC}") = "76GenericDictionary", "76GenericDictionary\76GenericDictionary.csproj", "{E2A2971B-EE4E-452F-9074-7E867C683F2B}"
EndProject
Project("{FAE04EC0-301F-11D3-BF4B-00C04F79EFBC}") = "77GenericDelegates", "77GenericDelegates\77GenericDelegates.csproj", "{A9B20895-04FA-4CE0-9BF6-B95C638EF34C}"
EndProject
Project("{FAE04EC0-301F-11D3-BF4B-00C04F79EFBC}") = "78ExtensionMethods", "78ExtensionMethods\78ExtensionMethods.csproj", "{992A3180-2765-4CBD-8526-9A153246327E}"
EndProject
Project("{FAE04EC0-301F-11D3-BF4B-00C04F79EFBC}") = "79ExtensionMethodDemo2", "79ExtensionMethodDemo2\79ExtensionMethodDemo2.csproj", "{3A82CB27-D47C-44E5-AE4A-9C5BDC9E0F4C}"
EndProject
Project("{FAE04EC0-301F-11D3-BF4B-00C04F79EFBC}") = "80Linq1", "ConsoleApp1\80Linq1.csproj", "{1C15893E-F008-4E50-A96C-5D695D582255}"
EndProject
Project("{FAE04EC0-301F-11D3-BF4B-00C04F79EFBC}") = "Linq2", "Linq2\Linq2.csproj", "{5C0F48F5-6308-460F-91F2-63F2C09EE075}"
EndProject
Project("{FAE04EC0-301F-11D3-BF4B-00C04F79EFBC}") = "81Linq3", "81Linq3\81Linq3.csproj", "{E78B84C8-31A5-4985-9B07-A87C12EC9245}"
EndProject
Global
	GlobalSection(SolutionConfigurationPlatforms) = preSolution
		Debug|Any CPU = Debug|Any CPU
		Release|Any CPU = Release|Any CPU
	EndGlobalSection
	GlobalSection(ProjectConfigurationPlatforms) = postSolution
		{180B6A90-8633-498D-83E6-88DAB08282E0}.Debug|Any CPU.ActiveCfg = Debug|Any CPU
		{180B6A90-8633-498D-83E6-88DAB08282E0}.Debug|Any CPU.Build.0 = Debug|Any CPU
		{180B6A90-8633-498D-83E6-88DAB08282E0}.Release|Any CPU.ActiveCfg = Release|Any CPU
		{180B6A90-8633-498D-83E6-88DAB08282E0}.Release|Any CPU.Build.0 = Release|Any CPU
		{4664A159-C8B2-471B-B8B9-529A3274B4F1}.Debug|Any CPU.ActiveCfg = Debug|Any CPU
		{4664A159-C8B2-471B-B8B9-529A3274B4F1}.Debug|Any CPU.Build.0 = Debug|Any CPU
		{4664A159-C8B2-471B-B8B9-529A3274B4F1}.Release|Any CPU.ActiveCfg = Release|Any CPU
		{4664A159-C8B2-471B-B8B9-529A3274B4F1}.Release|Any CPU.Build.0 = Release|Any CPU
		{C77AD3FF-C80A-4D74-B20B-D48B3672CA79}.Debug|Any CPU.ActiveCfg = Debug|Any CPU
		{C77AD3FF-C80A-4D74-B20B-D48B3672CA79}.Debug|Any CPU.Build.0 = Debug|Any CPU
		{C77AD3FF-C80A-4D74-B20B-D48B3672CA79}.Release|Any CPU.ActiveCfg = Release|Any CPU
		{C77AD3FF-C80A-4D74-B20B-D48B3672CA79}.Release|Any CPU.Build.0 = Release|Any CPU
		{55315E61-4E19-40EA-BFC7-506BFBDDF2E5}.Debug|Any CPU.ActiveCfg = Debug|Any CPU
		{55315E61-4E19-40EA-BFC7-506BFBDDF2E5}.Debug|Any CPU.Build.0 = Debug|Any CPU
		{55315E61-4E19-40EA-BFC7-506BFBDDF2E5}.Release|Any CPU.ActiveCfg = Release|Any CPU
		{55315E61-4E19-40EA-BFC7-506BFBDDF2E5}.Release|Any CPU.Build.0 = Release|Any CPU
		{9BAC16D4-8264-4262-9DBA-85BDB4DE4FD5}.Debug|Any CPU.ActiveCfg = Debug|Any CPU
		{9BAC16D4-8264-4262-9DBA-85BDB4DE4FD5}.Debug|Any CPU.Build.0 = Debug|Any CPU
		{9BAC16D4-8264-4262-9DBA-85BDB4DE4FD5}.Release|Any CPU.ActiveCfg = Release|Any CPU
		{9BAC16D4-8264-4262-9DBA-85BDB4DE4FD5}.Release|Any CPU.Build.0 = Release|Any CPU
		{0EFFE799-C3C3-45E9-8F0C-BC51AF0E9FA9}.Debug|Any CPU.ActiveCfg = Debug|Any CPU
		{0EFFE799-C3C3-45E9-8F0C-BC51AF0E9FA9}.Debug|Any CPU.Build.0 = Debug|Any CPU
		{0EFFE799-C3C3-45E9-8F0C-BC51AF0E9FA9}.Release|Any CPU.ActiveCfg = Release|Any CPU
		{0EFFE799-C3C3-45E9-8F0C-BC51AF0E9FA9}.Release|Any CPU.Build.0 = Release|Any CPU
		{A2BB4E11-EF37-4E34-A01D-406ADD38C271}.Debug|Any CPU.ActiveCfg = Debug|Any CPU
		{A2BB4E11-EF37-4E34-A01D-406ADD38C271}.Debug|Any CPU.Build.0 = Debug|Any CPU
		{A2BB4E11-EF37-4E34-A01D-406ADD38C271}.Release|Any CPU.ActiveCfg = Release|Any CPU
		{A2BB4E11-EF37-4E34-A01D-406ADD38C271}.Release|Any CPU.Build.0 = Release|Any CPU
		{B0DE3B2B-6A76-4755-8788-586654B04A4B}.Debug|Any CPU.ActiveCfg = Debug|Any CPU
		{B0DE3B2B-6A76-4755-8788-586654B04A4B}.Debug|Any CPU.Build.0 = Debug|Any CPU
		{B0DE3B2B-6A76-4755-8788-586654B04A4B}.Release|Any CPU.ActiveCfg = Release|Any CPU
		{B0DE3B2B-6A76-4755-8788-586654B04A4B}.Release|Any CPU.Build.0 = Release|Any CPU
		{1D6054EF-4E84-44B6-8349-C30EE1022136}.Debug|Any CPU.ActiveCfg = Debug|Any CPU
		{1D6054EF-4E84-44B6-8349-C30EE1022136}.Debug|Any CPU.Build.0 = Debug|Any CPU
		{1D6054EF-4E84-44B6-8349-C30EE1022136}.Release|Any CPU.ActiveCfg = Release|Any CPU
		{1D6054EF-4E84-44B6-8349-C30EE1022136}.Release|Any CPU.Build.0 = Release|Any CPU
		{7541A4AC-3138-428A-A1B8-679A42664FBA}.Debug|Any CPU.ActiveCfg = Debug|Any CPU
		{7541A4AC-3138-428A-A1B8-679A42664FBA}.Debug|Any CPU.Build.0 = Debug|Any CPU
		{7541A4AC-3138-428A-A1B8-679A42664FBA}.Release|Any CPU.ActiveCfg = Release|Any CPU
		{7541A4AC-3138-428A-A1B8-679A42664FBA}.Release|Any CPU.Build.0 = Release|Any CPU
		{DF32F5D1-E470-4BD2-A58B-FC00F465EF7A}.Debug|Any CPU.ActiveCfg = Debug|Any CPU
		{DF32F5D1-E470-4BD2-A58B-FC00F465EF7A}.Debug|Any CPU.Build.0 = Debug|Any CPU
		{DF32F5D1-E470-4BD2-A58B-FC00F465EF7A}.Release|Any CPU.ActiveCfg = Release|Any CPU
		{DF32F5D1-E470-4BD2-A58B-FC00F465EF7A}.Release|Any CPU.Build.0 = Release|Any CPU
		{B4145498-23C0-42C5-991D-288E4D80A0EA}.Debug|Any CPU.ActiveCfg = Debug|Any CPU
		{B4145498-23C0-42C5-991D-288E4D80A0EA}.Debug|Any CPU.Build.0 = Debug|Any CPU
		{B4145498-23C0-42C5-991D-288E4D80A0EA}.Release|Any CPU.ActiveCfg = Release|Any CPU
		{B4145498-23C0-42C5-991D-288E4D80A0EA}.Release|Any CPU.Build.0 = Release|Any CPU
		{CFA506C3-FA3D-4785-9F6D-C7118C06E4AB}.Debug|Any CPU.ActiveCfg = Debug|Any CPU
		{CFA506C3-FA3D-4785-9F6D-C7118C06E4AB}.Debug|Any CPU.Build.0 = Debug|Any CPU
		{CFA506C3-FA3D-4785-9F6D-C7118C06E4AB}.Release|Any CPU.ActiveCfg = Release|Any CPU
		{CFA506C3-FA3D-4785-9F6D-C7118C06E4AB}.Release|Any CPU.Build.0 = Release|Any CPU
		{BC91B753-68F1-40B6-98E1-C58BE95A1CF4}.Debug|Any CPU.ActiveCfg = Debug|Any CPU
		{BC91B753-68F1-40B6-98E1-C58BE95A1CF4}.Debug|Any CPU.Build.0 = Debug|Any CPU
		{BC91B753-68F1-40B6-98E1-C58BE95A1CF4}.Release|Any CPU.ActiveCfg = Release|Any CPU
		{BC91B753-68F1-40B6-98E1-C58BE95A1CF4}.Release|Any CPU.Build.0 = Release|Any CPU
		{9AFA378D-C3C5-4D2C-8636-941687AEACFA}.Debug|Any CPU.ActiveCfg = Debug|Any CPU
		{9AFA378D-C3C5-4D2C-8636-941687AEACFA}.Debug|Any CPU.Build.0 = Debug|Any CPU
		{9AFA378D-C3C5-4D2C-8636-941687AEACFA}.Release|Any CPU.ActiveCfg = Release|Any CPU
		{9AFA378D-C3C5-4D2C-8636-941687AEACFA}.Release|Any CPU.Build.0 = Release|Any CPU
		{4A6143E6-9CCE-4419-8E1B-6DBEC8A5E507}.Debug|Any CPU.ActiveCfg = Debug|Any CPU
		{4A6143E6-9CCE-4419-8E1B-6DBEC8A5E507}.Debug|Any CPU.Build.0 = Debug|Any CPU
		{4A6143E6-9CCE-4419-8E1B-6DBEC8A5E507}.Release|Any CPU.ActiveCfg = Release|Any CPU
		{4A6143E6-9CCE-4419-8E1B-6DBEC8A5E507}.Release|Any CPU.Build.0 = Release|Any CPU
		{F402228F-A856-41E1-BAC3-A3762D16825C}.Debug|Any CPU.ActiveCfg = Debug|Any CPU
		{F402228F-A856-41E1-BAC3-A3762D16825C}.Debug|Any CPU.Build.0 = Debug|Any CPU
		{F402228F-A856-41E1-BAC3-A3762D16825C}.Release|Any CPU.ActiveCfg = Release|Any CPU
		{F402228F-A856-41E1-BAC3-A3762D16825C}.Release|Any CPU.Build.0 = Release|Any CPU
		{9A867208-37EC-4F48-A113-148BE380E2EF}.Debug|Any CPU.ActiveCfg = Debug|Any CPU
		{9A867208-37EC-4F48-A113-148BE380E2EF}.Debug|Any CPU.Build.0 = Debug|Any CPU
		{9A867208-37EC-4F48-A113-148BE380E2EF}.Release|Any CPU.ActiveCfg = Release|Any CPU
		{9A867208-37EC-4F48-A113-148BE380E2EF}.Release|Any CPU.Build.0 = Release|Any CPU
		{C769DC98-AA5C-4DE6-9972-309BDF038190}.Debug|Any CPU.ActiveCfg = Debug|Any CPU
		{C769DC98-AA5C-4DE6-9972-309BDF038190}.Debug|Any CPU.Build.0 = Debug|Any CPU
		{C769DC98-AA5C-4DE6-9972-309BDF038190}.Release|Any CPU.ActiveCfg = Release|Any CPU
		{C769DC98-AA5C-4DE6-9972-309BDF038190}.Release|Any CPU.Build.0 = Release|Any CPU
		{87107A02-5600-400F-AB86-C90887178D67}.Debug|Any CPU.ActiveCfg = Debug|Any CPU
		{87107A02-5600-400F-AB86-C90887178D67}.Debug|Any CPU.Build.0 = Debug|Any CPU
		{87107A02-5600-400F-AB86-C90887178D67}.Release|Any CPU.ActiveCfg = Release|Any CPU
		{87107A02-5600-400F-AB86-C90887178D67}.Release|Any CPU.Build.0 = Release|Any CPU
		{2C953180-4321-4500-B164-ED6413BE03E9}.Debug|Any CPU.ActiveCfg = Debug|Any CPU
		{2C953180-4321-4500-B164-ED6413BE03E9}.Debug|Any CPU.Build.0 = Debug|Any CPU
		{2C953180-4321-4500-B164-ED6413BE03E9}.Release|Any CPU.ActiveCfg = Release|Any CPU
		{2C953180-4321-4500-B164-ED6413BE03E9}.Release|Any CPU.Build.0 = Release|Any CPU
		{9DF56EA3-2A55-43ED-AE86-54632D1F5512}.Debug|Any CPU.ActiveCfg = Debug|Any CPU
		{9DF56EA3-2A55-43ED-AE86-54632D1F5512}.Debug|Any CPU.Build.0 = Debug|Any CPU
		{9DF56EA3-2A55-43ED-AE86-54632D1F5512}.Release|Any CPU.ActiveCfg = Release|Any CPU
		{9DF56EA3-2A55-43ED-AE86-54632D1F5512}.Release|Any CPU.Build.0 = Release|Any CPU
		{4AA5AAFD-08D1-4BD0-B519-135964F266E3}.Debug|Any CPU.ActiveCfg = Debug|Any CPU
		{4AA5AAFD-08D1-4BD0-B519-135964F266E3}.Debug|Any CPU.Build.0 = Debug|Any CPU
		{4AA5AAFD-08D1-4BD0-B519-135964F266E3}.Release|Any CPU.ActiveCfg = Release|Any CPU
		{4AA5AAFD-08D1-4BD0-B519-135964F266E3}.Release|Any CPU.Build.0 = Release|Any CPU
		{8719E60F-1A3D-49E8-B00A-49D2C31C5CC5}.Debug|Any CPU.ActiveCfg = Debug|Any CPU
		{8719E60F-1A3D-49E8-B00A-49D2C31C5CC5}.Debug|Any CPU.Build.0 = Debug|Any CPU
		{8719E60F-1A3D-49E8-B00A-49D2C31C5CC5}.Release|Any CPU.ActiveCfg = Release|Any CPU
		{8719E60F-1A3D-49E8-B00A-49D2C31C5CC5}.Release|Any CPU.Build.0 = Release|Any CPU
		{63AA6FE6-B4FE-4670-BC6F-54E01CF6F6D9}.Debug|Any CPU.ActiveCfg = Debug|Any CPU
		{63AA6FE6-B4FE-4670-BC6F-54E01CF6F6D9}.Debug|Any CPU.Build.0 = Debug|Any CPU
		{63AA6FE6-B4FE-4670-BC6F-54E01CF6F6D9}.Release|Any CPU.ActiveCfg = Release|Any CPU
		{63AA6FE6-B4FE-4670-BC6F-54E01CF6F6D9}.Release|Any CPU.Build.0 = Release|Any CPU
		{2A2CF2B0-BF80-4408-BB73-9715EA160987}.Debug|Any CPU.ActiveCfg = Debug|Any CPU
		{2A2CF2B0-BF80-4408-BB73-9715EA160987}.Debug|Any CPU.Build.0 = Debug|Any CPU
		{2A2CF2B0-BF80-4408-BB73-9715EA160987}.Release|Any CPU.ActiveCfg = Release|Any CPU
		{2A2CF2B0-BF80-4408-BB73-9715EA160987}.Release|Any CPU.Build.0 = Release|Any CPU
		{44F55F6A-516C-43B2-9C09-1E8F6BF57B43}.Debug|Any CPU.ActiveCfg = Debug|Any CPU
		{44F55F6A-516C-43B2-9C09-1E8F6BF57B43}.Debug|Any CPU.Build.0 = Debug|Any CPU
		{44F55F6A-516C-43B2-9C09-1E8F6BF57B43}.Release|Any CPU.ActiveCfg = Release|Any CPU
		{44F55F6A-516C-43B2-9C09-1E8F6BF57B43}.Release|Any CPU.Build.0 = Release|Any CPU
		{3235CE93-2AB2-4648-B43A-354C226CE4F6}.Debug|Any CPU.ActiveCfg = Debug|Any CPU
		{3235CE93-2AB2-4648-B43A-354C226CE4F6}.Debug|Any CPU.Build.0 = Debug|Any CPU
		{3235CE93-2AB2-4648-B43A-354C226CE4F6}.Release|Any CPU.ActiveCfg = Release|Any CPU
		{3235CE93-2AB2-4648-B43A-354C226CE4F6}.Release|Any CPU.Build.0 = Release|Any CPU
		{F8887A79-185D-4C36-B0E5-390A3F2F5829}.Debug|Any CPU.ActiveCfg = Debug|Any CPU
		{F8887A79-185D-4C36-B0E5-390A3F2F5829}.Debug|Any CPU.Build.0 = Debug|Any CPU
		{F8887A79-185D-4C36-B0E5-390A3F2F5829}.Release|Any CPU.ActiveCfg = Release|Any CPU
		{F8887A79-185D-4C36-B0E5-390A3F2F5829}.Release|Any CPU.Build.0 = Release|Any CPU
		{741FF3A8-4C08-493D-9A96-84743C35E22B}.Debug|Any CPU.ActiveCfg = Debug|Any CPU
		{741FF3A8-4C08-493D-9A96-84743C35E22B}.Debug|Any CPU.Build.0 = Debug|Any CPU
		{741FF3A8-4C08-493D-9A96-84743C35E22B}.Release|Any CPU.ActiveCfg = Release|Any CPU
		{741FF3A8-4C08-493D-9A96-84743C35E22B}.Release|Any CPU.Build.0 = Release|Any CPU
		{57E12F72-1137-435F-A2AE-0A09C14B809C}.Debug|Any CPU.ActiveCfg = Debug|Any CPU
		{57E12F72-1137-435F-A2AE-0A09C14B809C}.Debug|Any CPU.Build.0 = Debug|Any CPU
		{57E12F72-1137-435F-A2AE-0A09C14B809C}.Release|Any CPU.ActiveCfg = Release|Any CPU
		{57E12F72-1137-435F-A2AE-0A09C14B809C}.Release|Any CPU.Build.0 = Release|Any CPU
		{1AB31EED-A6CC-4274-8F8B-18FD4DB16951}.Debug|Any CPU.ActiveCfg = Debug|Any CPU
		{1AB31EED-A6CC-4274-8F8B-18FD4DB16951}.Debug|Any CPU.Build.0 = Debug|Any CPU
		{1AB31EED-A6CC-4274-8F8B-18FD4DB16951}.Release|Any CPU.ActiveCfg = Release|Any CPU
		{1AB31EED-A6CC-4274-8F8B-18FD4DB16951}.Release|Any CPU.Build.0 = Release|Any CPU
		{725BA319-5DA4-4D5A-A147-AE42A6F3EF93}.Debug|Any CPU.ActiveCfg = Debug|Any CPU
		{725BA319-5DA4-4D5A-A147-AE42A6F3EF93}.Debug|Any CPU.Build.0 = Debug|Any CPU
		{725BA319-5DA4-4D5A-A147-AE42A6F3EF93}.Release|Any CPU.ActiveCfg = Release|Any CPU
		{725BA319-5DA4-4D5A-A147-AE42A6F3EF93}.Release|Any CPU.Build.0 = Release|Any CPU
		{84F4A0F0-FA3F-453D-9649-00C0F4CA47AC}.Debug|Any CPU.ActiveCfg = Debug|Any CPU
		{84F4A0F0-FA3F-453D-9649-00C0F4CA47AC}.Debug|Any CPU.Build.0 = Debug|Any CPU
		{84F4A0F0-FA3F-453D-9649-00C0F4CA47AC}.Release|Any CPU.ActiveCfg = Release|Any CPU
		{84F4A0F0-FA3F-453D-9649-00C0F4CA47AC}.Release|Any CPU.Build.0 = Release|Any CPU
		{03C46B98-0CCE-4147-BC01-56E21740C629}.Debug|Any CPU.ActiveCfg = Debug|Any CPU
		{03C46B98-0CCE-4147-BC01-56E21740C629}.Debug|Any CPU.Build.0 = Debug|Any CPU
		{03C46B98-0CCE-4147-BC01-56E21740C629}.Release|Any CPU.ActiveCfg = Release|Any CPU
		{03C46B98-0CCE-4147-BC01-56E21740C629}.Release|Any CPU.Build.0 = Release|Any CPU
		{3DE9C8F7-4DF2-42A6-ABC1-AB27226B67AF}.Debug|Any CPU.ActiveCfg = Debug|Any CPU
		{3DE9C8F7-4DF2-42A6-ABC1-AB27226B67AF}.Debug|Any CPU.Build.0 = Debug|Any CPU
		{3DE9C8F7-4DF2-42A6-ABC1-AB27226B67AF}.Release|Any CPU.ActiveCfg = Release|Any CPU
		{3DE9C8F7-4DF2-42A6-ABC1-AB27226B67AF}.Release|Any CPU.Build.0 = Release|Any CPU
		{D40B041E-6598-4DE4-A3F8-886D018CD5D4}.Debug|Any CPU.ActiveCfg = Debug|Any CPU
		{D40B041E-6598-4DE4-A3F8-886D018CD5D4}.Debug|Any CPU.Build.0 = Debug|Any CPU
		{D40B041E-6598-4DE4-A3F8-886D018CD5D4}.Release|Any CPU.ActiveCfg = Release|Any CPU
		{D40B041E-6598-4DE4-A3F8-886D018CD5D4}.Release|Any CPU.Build.0 = Release|Any CPU
		{D1E0DADD-DB57-4209-B6A8-593E2F41B824}.Debug|Any CPU.ActiveCfg = Debug|Any CPU
		{D1E0DADD-DB57-4209-B6A8-593E2F41B824}.Debug|Any CPU.Build.0 = Debug|Any CPU
		{D1E0DADD-DB57-4209-B6A8-593E2F41B824}.Release|Any CPU.ActiveCfg = Release|Any CPU
		{D1E0DADD-DB57-4209-B6A8-593E2F41B824}.Release|Any CPU.Build.0 = Release|Any CPU
		{66DA1943-C47E-4EDF-BCFD-CA374140F478}.Debug|Any CPU.ActiveCfg = Debug|Any CPU
		{66DA1943-C47E-4EDF-BCFD-CA374140F478}.Debug|Any CPU.Build.0 = Debug|Any CPU
		{66DA1943-C47E-4EDF-BCFD-CA374140F478}.Release|Any CPU.ActiveCfg = Release|Any CPU
		{66DA1943-C47E-4EDF-BCFD-CA374140F478}.Release|Any CPU.Build.0 = Release|Any CPU
		{3CE77399-0171-48CB-8167-2D6F4EC3D9B7}.Debug|Any CPU.ActiveCfg = Debug|Any CPU
		{3CE77399-0171-48CB-8167-2D6F4EC3D9B7}.Debug|Any CPU.Build.0 = Debug|Any CPU
		{3CE77399-0171-48CB-8167-2D6F4EC3D9B7}.Release|Any CPU.ActiveCfg = Release|Any CPU
		{3CE77399-0171-48CB-8167-2D6F4EC3D9B7}.Release|Any CPU.Build.0 = Release|Any CPU
		{BAB80ADB-9E8D-491C-955A-F79B7F72C81F}.Debug|Any CPU.ActiveCfg = Debug|Any CPU
		{BAB80ADB-9E8D-491C-955A-F79B7F72C81F}.Debug|Any CPU.Build.0 = Debug|Any CPU
		{BAB80ADB-9E8D-491C-955A-F79B7F72C81F}.Release|Any CPU.ActiveCfg = Release|Any CPU
		{BAB80ADB-9E8D-491C-955A-F79B7F72C81F}.Release|Any CPU.Build.0 = Release|Any CPU
		{C102C171-1E58-4657-AE9F-DDFD247D2440}.Debug|Any CPU.ActiveCfg = Debug|Any CPU
		{C102C171-1E58-4657-AE9F-DDFD247D2440}.Debug|Any CPU.Build.0 = Debug|Any CPU
		{C102C171-1E58-4657-AE9F-DDFD247D2440}.Release|Any CPU.ActiveCfg = Release|Any CPU
		{C102C171-1E58-4657-AE9F-DDFD247D2440}.Release|Any CPU.Build.0 = Release|Any CPU
		{4F03ECED-2CE9-46CC-ACBE-D2E13A2F5D5C}.Debug|Any CPU.ActiveCfg = Debug|Any CPU
		{4F03ECED-2CE9-46CC-ACBE-D2E13A2F5D5C}.Debug|Any CPU.Build.0 = Debug|Any CPU
		{4F03ECED-2CE9-46CC-ACBE-D2E13A2F5D5C}.Release|Any CPU.ActiveCfg = Release|Any CPU
		{4F03ECED-2CE9-46CC-ACBE-D2E13A2F5D5C}.Release|Any CPU.Build.0 = Release|Any CPU
		{DD10D18D-FBC8-4205-A381-3EEC031699C6}.Debug|Any CPU.ActiveCfg = Debug|Any CPU
		{DD10D18D-FBC8-4205-A381-3EEC031699C6}.Debug|Any CPU.Build.0 = Debug|Any CPU
		{DD10D18D-FBC8-4205-A381-3EEC031699C6}.Release|Any CPU.ActiveCfg = Release|Any CPU
		{DD10D18D-FBC8-4205-A381-3EEC031699C6}.Release|Any CPU.Build.0 = Release|Any CPU
		{B65665D3-5582-4FCE-AB04-1910A4D6BB97}.Debug|Any CPU.ActiveCfg = Debug|Any CPU
		{B65665D3-5582-4FCE-AB04-1910A4D6BB97}.Debug|Any CPU.Build.0 = Debug|Any CPU
		{B65665D3-5582-4FCE-AB04-1910A4D6BB97}.Release|Any CPU.ActiveCfg = Release|Any CPU
		{B65665D3-5582-4FCE-AB04-1910A4D6BB97}.Release|Any CPU.Build.0 = Release|Any CPU
		{C4E30A6C-35AD-4DFA-9B46-BCD566D5C305}.Debug|Any CPU.ActiveCfg = Debug|Any CPU
		{C4E30A6C-35AD-4DFA-9B46-BCD566D5C305}.Debug|Any CPU.Build.0 = Debug|Any CPU
		{C4E30A6C-35AD-4DFA-9B46-BCD566D5C305}.Release|Any CPU.ActiveCfg = Release|Any CPU
		{C4E30A6C-35AD-4DFA-9B46-BCD566D5C305}.Release|Any CPU.Build.0 = Release|Any CPU
		{7498BD0B-040D-4B39-9226-D530CF0E59E0}.Debug|Any CPU.ActiveCfg = Debug|Any CPU
		{7498BD0B-040D-4B39-9226-D530CF0E59E0}.Debug|Any CPU.Build.0 = Debug|Any CPU
		{7498BD0B-040D-4B39-9226-D530CF0E59E0}.Release|Any CPU.ActiveCfg = Release|Any CPU
		{7498BD0B-040D-4B39-9226-D530CF0E59E0}.Release|Any CPU.Build.0 = Release|Any CPU
		{8A92B1A9-5473-44E5-A976-2498AE51064C}.Debug|Any CPU.ActiveCfg = Debug|Any CPU
		{8A92B1A9-5473-44E5-A976-2498AE51064C}.Debug|Any CPU.Build.0 = Debug|Any CPU
		{8A92B1A9-5473-44E5-A976-2498AE51064C}.Release|Any CPU.ActiveCfg = Release|Any CPU
		{8A92B1A9-5473-44E5-A976-2498AE51064C}.Release|Any CPU.Build.0 = Release|Any CPU
		{5546B8DE-498B-4DF4-9278-9763E399293A}.Debug|Any CPU.ActiveCfg = Debug|Any CPU
		{5546B8DE-498B-4DF4-9278-9763E399293A}.Debug|Any CPU.Build.0 = Debug|Any CPU
		{5546B8DE-498B-4DF4-9278-9763E399293A}.Release|Any CPU.ActiveCfg = Release|Any CPU
		{5546B8DE-498B-4DF4-9278-9763E399293A}.Release|Any CPU.Build.0 = Release|Any CPU
		{B792C933-A1F3-4B4A-B6EC-F9D70AAEDCEC}.Debug|Any CPU.ActiveCfg = Debug|Any CPU
		{B792C933-A1F3-4B4A-B6EC-F9D70AAEDCEC}.Debug|Any CPU.Build.0 = Debug|Any CPU
		{B792C933-A1F3-4B4A-B6EC-F9D70AAEDCEC}.Release|Any CPU.ActiveCfg = Release|Any CPU
		{B792C933-A1F3-4B4A-B6EC-F9D70AAEDCEC}.Release|Any CPU.Build.0 = Release|Any CPU
		{F72C4EB1-4242-4564-A51A-D180CE84F8FF}.Debug|Any CPU.ActiveCfg = Debug|Any CPU
		{F72C4EB1-4242-4564-A51A-D180CE84F8FF}.Debug|Any CPU.Build.0 = Debug|Any CPU
		{F72C4EB1-4242-4564-A51A-D180CE84F8FF}.Release|Any CPU.ActiveCfg = Release|Any CPU
		{F72C4EB1-4242-4564-A51A-D180CE84F8FF}.Release|Any CPU.Build.0 = Release|Any CPU
		{E1126456-1142-4BC6-93C2-E27815848F3C}.Debug|Any CPU.ActiveCfg = Debug|Any CPU
		{E1126456-1142-4BC6-93C2-E27815848F3C}.Debug|Any CPU.Build.0 = Debug|Any CPU
		{E1126456-1142-4BC6-93C2-E27815848F3C}.Release|Any CPU.ActiveCfg = Release|Any CPU
		{E1126456-1142-4BC6-93C2-E27815848F3C}.Release|Any CPU.Build.0 = Release|Any CPU
		{784C6098-D58A-4371-8351-69CAD9FC1970}.Debug|Any CPU.ActiveCfg = Debug|Any CPU
		{784C6098-D58A-4371-8351-69CAD9FC1970}.Debug|Any CPU.Build.0 = Debug|Any CPU
		{784C6098-D58A-4371-8351-69CAD9FC1970}.Release|Any CPU.ActiveCfg = Release|Any CPU
		{784C6098-D58A-4371-8351-69CAD9FC1970}.Release|Any CPU.Build.0 = Release|Any CPU
		{6DC02C06-C146-4B61-95EE-C2E30F6A8BEC}.Debug|Any CPU.ActiveCfg = Debug|Any CPU
		{6DC02C06-C146-4B61-95EE-C2E30F6A8BEC}.Debug|Any CPU.Build.0 = Debug|Any CPU
		{6DC02C06-C146-4B61-95EE-C2E30F6A8BEC}.Release|Any CPU.ActiveCfg = Release|Any CPU
		{6DC02C06-C146-4B61-95EE-C2E30F6A8BEC}.Release|Any CPU.Build.0 = Release|Any CPU
		{21415711-9A78-4381-9AC3-7C031E1AD12F}.Debug|Any CPU.ActiveCfg = Debug|Any CPU
		{21415711-9A78-4381-9AC3-7C031E1AD12F}.Debug|Any CPU.Build.0 = Debug|Any CPU
		{21415711-9A78-4381-9AC3-7C031E1AD12F}.Release|Any CPU.ActiveCfg = Release|Any CPU
		{21415711-9A78-4381-9AC3-7C031E1AD12F}.Release|Any CPU.Build.0 = Release|Any CPU
		{FE4C8703-1E5C-4DCF-89A2-BD6E722DD8C9}.Debug|Any CPU.ActiveCfg = Debug|Any CPU
		{FE4C8703-1E5C-4DCF-89A2-BD6E722DD8C9}.Debug|Any CPU.Build.0 = Debug|Any CPU
		{FE4C8703-1E5C-4DCF-89A2-BD6E722DD8C9}.Release|Any CPU.ActiveCfg = Release|Any CPU
		{FE4C8703-1E5C-4DCF-89A2-BD6E722DD8C9}.Release|Any CPU.Build.0 = Release|Any CPU
		{6D7F1CCD-B73B-4744-B4CD-9E31ECC1F01B}.Debug|Any CPU.ActiveCfg = Debug|Any CPU
		{6D7F1CCD-B73B-4744-B4CD-9E31ECC1F01B}.Debug|Any CPU.Build.0 = Debug|Any CPU
		{6D7F1CCD-B73B-4744-B4CD-9E31ECC1F01B}.Release|Any CPU.ActiveCfg = Release|Any CPU
		{6D7F1CCD-B73B-4744-B4CD-9E31ECC1F01B}.Release|Any CPU.Build.0 = Release|Any CPU
		{F315EFF7-3474-4CA8-8B2E-D87368E27B98}.Debug|Any CPU.ActiveCfg = Debug|Any CPU
		{F315EFF7-3474-4CA8-8B2E-D87368E27B98}.Debug|Any CPU.Build.0 = Debug|Any CPU
		{F315EFF7-3474-4CA8-8B2E-D87368E27B98}.Release|Any CPU.ActiveCfg = Release|Any CPU
		{F315EFF7-3474-4CA8-8B2E-D87368E27B98}.Release|Any CPU.Build.0 = Release|Any CPU
		{B5838625-4AFB-47A9-A8A1-DFE38621E890}.Debug|Any CPU.ActiveCfg = Debug|Any CPU
		{B5838625-4AFB-47A9-A8A1-DFE38621E890}.Debug|Any CPU.Build.0 = Debug|Any CPU
		{B5838625-4AFB-47A9-A8A1-DFE38621E890}.Release|Any CPU.ActiveCfg = Release|Any CPU
		{B5838625-4AFB-47A9-A8A1-DFE38621E890}.Release|Any CPU.Build.0 = Release|Any CPU
		{E53EFBE4-A2C8-49AC-B3BC-D590B8BBA5E1}.Debug|Any CPU.ActiveCfg = Debug|Any CPU
		{E53EFBE4-A2C8-49AC-B3BC-D590B8BBA5E1}.Debug|Any CPU.Build.0 = Debug|Any CPU
		{E53EFBE4-A2C8-49AC-B3BC-D590B8BBA5E1}.Release|Any CPU.ActiveCfg = Release|Any CPU
		{E53EFBE4-A2C8-49AC-B3BC-D590B8BBA5E1}.Release|Any CPU.Build.0 = Release|Any CPU
		{64BBD950-506B-43DF-999C-5A624BB1760A}.Debug|Any CPU.ActiveCfg = Debug|Any CPU
		{64BBD950-506B-43DF-999C-5A624BB1760A}.Debug|Any CPU.Build.0 = Debug|Any CPU
		{64BBD950-506B-43DF-999C-5A624BB1760A}.Release|Any CPU.ActiveCfg = Release|Any CPU
		{64BBD950-506B-43DF-999C-5A624BB1760A}.Release|Any CPU.Build.0 = Release|Any CPU
		{01EA83A4-3339-4ADE-A77E-AD3DBC3A668A}.Debug|Any CPU.ActiveCfg = Debug|Any CPU
		{01EA83A4-3339-4ADE-A77E-AD3DBC3A668A}.Debug|Any CPU.Build.0 = Debug|Any CPU
		{01EA83A4-3339-4ADE-A77E-AD3DBC3A668A}.Release|Any CPU.ActiveCfg = Release|Any CPU
		{01EA83A4-3339-4ADE-A77E-AD3DBC3A668A}.Release|Any CPU.Build.0 = Release|Any CPU
		{470ED952-B10B-42B2-8255-CE83EF8D0257}.Debug|Any CPU.ActiveCfg = Debug|Any CPU
		{470ED952-B10B-42B2-8255-CE83EF8D0257}.Debug|Any CPU.Build.0 = Debug|Any CPU
		{470ED952-B10B-42B2-8255-CE83EF8D0257}.Release|Any CPU.ActiveCfg = Release|Any CPU
		{470ED952-B10B-42B2-8255-CE83EF8D0257}.Release|Any CPU.Build.0 = Release|Any CPU
		{1BEA5117-D93F-4C98-B370-F86B033F5498}.Debug|Any CPU.ActiveCfg = Debug|Any CPU
		{1BEA5117-D93F-4C98-B370-F86B033F5498}.Debug|Any CPU.Build.0 = Debug|Any CPU
		{1BEA5117-D93F-4C98-B370-F86B033F5498}.Release|Any CPU.ActiveCfg = Release|Any CPU
		{1BEA5117-D93F-4C98-B370-F86B033F5498}.Release|Any CPU.Build.0 = Release|Any CPU
		{32C2378C-94FD-46D1-AD25-BA7BF6922AB7}.Debug|Any CPU.ActiveCfg = Debug|Any CPU
		{32C2378C-94FD-46D1-AD25-BA7BF6922AB7}.Debug|Any CPU.Build.0 = Debug|Any CPU
		{32C2378C-94FD-46D1-AD25-BA7BF6922AB7}.Release|Any CPU.ActiveCfg = Release|Any CPU
		{32C2378C-94FD-46D1-AD25-BA7BF6922AB7}.Release|Any CPU.Build.0 = Release|Any CPU
		{74DCA068-DBF3-4CD9-90BF-DC94FBB92828}.Debug|Any CPU.ActiveCfg = Debug|Any CPU
		{74DCA068-DBF3-4CD9-90BF-DC94FBB92828}.Debug|Any CPU.Build.0 = Debug|Any CPU
		{74DCA068-DBF3-4CD9-90BF-DC94FBB92828}.Release|Any CPU.ActiveCfg = Release|Any CPU
		{74DCA068-DBF3-4CD9-90BF-DC94FBB92828}.Release|Any CPU.Build.0 = Release|Any CPU
		{09EB9DB1-AB0F-44DD-97B1-76A8051A12AE}.Debug|Any CPU.ActiveCfg = Debug|Any CPU
		{09EB9DB1-AB0F-44DD-97B1-76A8051A12AE}.Debug|Any CPU.Build.0 = Debug|Any CPU
		{09EB9DB1-AB0F-44DD-97B1-76A8051A12AE}.Release|Any CPU.ActiveCfg = Release|Any CPU
		{09EB9DB1-AB0F-44DD-97B1-76A8051A12AE}.Release|Any CPU.Build.0 = Release|Any CPU
		{A7D91EEA-E400-4907-A907-44871E3AA48C}.Debug|Any CPU.ActiveCfg = Debug|Any CPU
		{A7D91EEA-E400-4907-A907-44871E3AA48C}.Debug|Any CPU.Build.0 = Debug|Any CPU
		{A7D91EEA-E400-4907-A907-44871E3AA48C}.Release|Any CPU.ActiveCfg = Release|Any CPU
		{A7D91EEA-E400-4907-A907-44871E3AA48C}.Release|Any CPU.Build.0 = Release|Any CPU
		{ABADFEC2-BD21-4CED-94AE-9A8E3BDE1C33}.Debug|Any CPU.ActiveCfg = Debug|Any CPU
		{ABADFEC2-BD21-4CED-94AE-9A8E3BDE1C33}.Debug|Any CPU.Build.0 = Debug|Any CPU
		{ABADFEC2-BD21-4CED-94AE-9A8E3BDE1C33}.Release|Any CPU.ActiveCfg = Release|Any CPU
		{ABADFEC2-BD21-4CED-94AE-9A8E3BDE1C33}.Release|Any CPU.Build.0 = Release|Any CPU
		{D3B9FC36-BE37-4687-B87D-32CADCF9A60E}.Debug|Any CPU.ActiveCfg = Debug|Any CPU
		{D3B9FC36-BE37-4687-B87D-32CADCF9A60E}.Debug|Any CPU.Build.0 = Debug|Any CPU
		{D3B9FC36-BE37-4687-B87D-32CADCF9A60E}.Release|Any CPU.ActiveCfg = Release|Any CPU
		{D3B9FC36-BE37-4687-B87D-32CADCF9A60E}.Release|Any CPU.Build.0 = Release|Any CPU
		{A57E665E-92C6-44E5-83A9-067EE3E70CFA}.Debug|Any CPU.ActiveCfg = Debug|Any CPU
		{A57E665E-92C6-44E5-83A9-067EE3E70CFA}.Debug|Any CPU.Build.0 = Debug|Any CPU
		{A57E665E-92C6-44E5-83A9-067EE3E70CFA}.Release|Any CPU.ActiveCfg = Release|Any CPU
		{A57E665E-92C6-44E5-83A9-067EE3E70CFA}.Release|Any CPU.Build.0 = Release|Any CPU
		{CD0EA67F-9048-4DF8-BD05-3981EE724C7C}.Debug|Any CPU.ActiveCfg = Debug|Any CPU
		{CD0EA67F-9048-4DF8-BD05-3981EE724C7C}.Debug|Any CPU.Build.0 = Debug|Any CPU
		{CD0EA67F-9048-4DF8-BD05-3981EE724C7C}.Release|Any CPU.ActiveCfg = Release|Any CPU
		{CD0EA67F-9048-4DF8-BD05-3981EE724C7C}.Release|Any CPU.Build.0 = Release|Any CPU
		{8BF66D87-AA1F-4A34-8701-A97BF9577B75}.Debug|Any CPU.ActiveCfg = Debug|Any CPU
		{8BF66D87-AA1F-4A34-8701-A97BF9577B75}.Debug|Any CPU.Build.0 = Debug|Any CPU
		{8BF66D87-AA1F-4A34-8701-A97BF9577B75}.Release|Any CPU.ActiveCfg = Release|Any CPU
		{8BF66D87-AA1F-4A34-8701-A97BF9577B75}.Release|Any CPU.Build.0 = Release|Any CPU
		{7DD224B2-9D29-4F4E-90C1-28105E033ADA}.Debug|Any CPU.ActiveCfg = Debug|Any CPU
		{7DD224B2-9D29-4F4E-90C1-28105E033ADA}.Debug|Any CPU.Build.0 = Debug|Any CPU
		{7DD224B2-9D29-4F4E-90C1-28105E033ADA}.Release|Any CPU.ActiveCfg = Release|Any CPU
		{7DD224B2-9D29-4F4E-90C1-28105E033ADA}.Release|Any CPU.Build.0 = Release|Any CPU
		{E2A2971B-EE4E-452F-9074-7E867C683F2B}.Debug|Any CPU.ActiveCfg = Debug|Any CPU
		{E2A2971B-EE4E-452F-9074-7E867C683F2B}.Debug|Any CPU.Build.0 = Debug|Any CPU
		{E2A2971B-EE4E-452F-9074-7E867C683F2B}.Release|Any CPU.ActiveCfg = Release|Any CPU
		{E2A2971B-EE4E-452F-9074-7E867C683F2B}.Release|Any CPU.Build.0 = Release|Any CPU
		{A9B20895-04FA-4CE0-9BF6-B95C638EF34C}.Debug|Any CPU.ActiveCfg = Debug|Any CPU
		{A9B20895-04FA-4CE0-9BF6-B95C638EF34C}.Debug|Any CPU.Build.0 = Debug|Any CPU
		{A9B20895-04FA-4CE0-9BF6-B95C638EF34C}.Release|Any CPU.ActiveCfg = Release|Any CPU
		{A9B20895-04FA-4CE0-9BF6-B95C638EF34C}.Release|Any CPU.Build.0 = Release|Any CPU
		{992A3180-2765-4CBD-8526-9A153246327E}.Debug|Any CPU.ActiveCfg = Debug|Any CPU
		{992A3180-2765-4CBD-8526-9A153246327E}.Debug|Any CPU.Build.0 = Debug|Any CPU
		{992A3180-2765-4CBD-8526-9A153246327E}.Release|Any CPU.ActiveCfg = Release|Any CPU
		{992A3180-2765-4CBD-8526-9A153246327E}.Release|Any CPU.Build.0 = Release|Any CPU
		{3A82CB27-D47C-44E5-AE4A-9C5BDC9E0F4C}.Debug|Any CPU.ActiveCfg = Debug|Any CPU
		{3A82CB27-D47C-44E5-AE4A-9C5BDC9E0F4C}.Debug|Any CPU.Build.0 = Debug|Any CPU
		{3A82CB27-D47C-44E5-AE4A-9C5BDC9E0F4C}.Release|Any CPU.ActiveCfg = Release|Any CPU
		{3A82CB27-D47C-44E5-AE4A-9C5BDC9E0F4C}.Release|Any CPU.Build.0 = Release|Any CPU
		{1C15893E-F008-4E50-A96C-5D695D582255}.Debug|Any CPU.ActiveCfg = Debug|Any CPU
		{1C15893E-F008-4E50-A96C-5D695D582255}.Debug|Any CPU.Build.0 = Debug|Any CPU
		{1C15893E-F008-4E50-A96C-5D695D582255}.Release|Any CPU.ActiveCfg = Release|Any CPU
		{1C15893E-F008-4E50-A96C-5D695D582255}.Release|Any CPU.Build.0 = Release|Any CPU
		{5C0F48F5-6308-460F-91F2-63F2C09EE075}.Debug|Any CPU.ActiveCfg = Debug|Any CPU
		{5C0F48F5-6308-460F-91F2-63F2C09EE075}.Debug|Any CPU.Build.0 = Debug|Any CPU
		{5C0F48F5-6308-460F-91F2-63F2C09EE075}.Release|Any CPU.ActiveCfg = Release|Any CPU
		{5C0F48F5-6308-460F-91F2-63F2C09EE075}.Release|Any CPU.Build.0 = Release|Any CPU
		{E78B84C8-31A5-4985-9B07-A87C12EC9245}.Debug|Any CPU.ActiveCfg = Debug|Any CPU
		{E78B84C8-31A5-4985-9B07-A87C12EC9245}.Debug|Any CPU.Build.0 = Debug|Any CPU
		{E78B84C8-31A5-4985-9B07-A87C12EC9245}.Release|Any CPU.ActiveCfg = Release|Any CPU
		{E78B84C8-31A5-4985-9B07-A87C12EC9245}.Release|Any CPU.Build.0 = Release|Any CPU
	EndGlobalSection
	GlobalSection(SolutionProperties) = preSolution
		HideSolutionNode = FALSE
	EndGlobalSection
	GlobalSection(NestedProjects) = preSolution
		{180B6A90-8633-498D-83E6-88DAB08282E0} = {3ED93AF8-80C5-446A-ABB0-94E406922218}
		{4664A159-C8B2-471B-B8B9-529A3274B4F1} = {3ED93AF8-80C5-446A-ABB0-94E406922218}
		{C77AD3FF-C80A-4D74-B20B-D48B3672CA79} = {3ED93AF8-80C5-446A-ABB0-94E406922218}
		{55315E61-4E19-40EA-BFC7-506BFBDDF2E5} = {3ED93AF8-80C5-446A-ABB0-94E406922218}
		{9BAC16D4-8264-4262-9DBA-85BDB4DE4FD5} = {3ED93AF8-80C5-446A-ABB0-94E406922218}
		{0EFFE799-C3C3-45E9-8F0C-BC51AF0E9FA9} = {3ED93AF8-80C5-446A-ABB0-94E406922218}
		{A2BB4E11-EF37-4E34-A01D-406ADD38C271} = {3ED93AF8-80C5-446A-ABB0-94E406922218}
		{B0DE3B2B-6A76-4755-8788-586654B04A4B} = {3ED93AF8-80C5-446A-ABB0-94E406922218}
		{1D6054EF-4E84-44B6-8349-C30EE1022136} = {3ED93AF8-80C5-446A-ABB0-94E406922218}
		{7541A4AC-3138-428A-A1B8-679A42664FBA} = {3ED93AF8-80C5-446A-ABB0-94E406922218}
		{DF32F5D1-E470-4BD2-A58B-FC00F465EF7A} = {3ED93AF8-80C5-446A-ABB0-94E406922218}
		{B4145498-23C0-42C5-991D-288E4D80A0EA} = {3ED93AF8-80C5-446A-ABB0-94E406922218}
		{CFA506C3-FA3D-4785-9F6D-C7118C06E4AB} = {3ED93AF8-80C5-446A-ABB0-94E406922218}
		{BC91B753-68F1-40B6-98E1-C58BE95A1CF4} = {3ED93AF8-80C5-446A-ABB0-94E406922218}
		{9AFA378D-C3C5-4D2C-8636-941687AEACFA} = {3ED93AF8-80C5-446A-ABB0-94E406922218}
		{4A6143E6-9CCE-4419-8E1B-6DBEC8A5E507} = {3ED93AF8-80C5-446A-ABB0-94E406922218}
		{F402228F-A856-41E1-BAC3-A3762D16825C} = {3ED93AF8-80C5-446A-ABB0-94E406922218}
		{9A867208-37EC-4F48-A113-148BE380E2EF} = {3ED93AF8-80C5-446A-ABB0-94E406922218}
		{C769DC98-AA5C-4DE6-9972-309BDF038190} = {3ED93AF8-80C5-446A-ABB0-94E406922218}
		{87107A02-5600-400F-AB86-C90887178D67} = {3ED93AF8-80C5-446A-ABB0-94E406922218}
		{2C953180-4321-4500-B164-ED6413BE03E9} = {3ED93AF8-80C5-446A-ABB0-94E406922218}
		{9DF56EA3-2A55-43ED-AE86-54632D1F5512} = {3ED93AF8-80C5-446A-ABB0-94E406922218}
		{4AA5AAFD-08D1-4BD0-B519-135964F266E3} = {3ED93AF8-80C5-446A-ABB0-94E406922218}
		{8719E60F-1A3D-49E8-B00A-49D2C31C5CC5} = {3ED93AF8-80C5-446A-ABB0-94E406922218}
		{63AA6FE6-B4FE-4670-BC6F-54E01CF6F6D9} = {3ED93AF8-80C5-446A-ABB0-94E406922218}
		{2A2CF2B0-BF80-4408-BB73-9715EA160987} = {3ED93AF8-80C5-446A-ABB0-94E406922218}
		{44F55F6A-516C-43B2-9C09-1E8F6BF57B43} = {3ED93AF8-80C5-446A-ABB0-94E406922218}
		{3235CE93-2AB2-4648-B43A-354C226CE4F6} = {3ED93AF8-80C5-446A-ABB0-94E406922218}
		{F8887A79-185D-4C36-B0E5-390A3F2F5829} = {3ED93AF8-80C5-446A-ABB0-94E406922218}
		{741FF3A8-4C08-493D-9A96-84743C35E22B} = {3ED93AF8-80C5-446A-ABB0-94E406922218}
		{57E12F72-1137-435F-A2AE-0A09C14B809C} = {3ED93AF8-80C5-446A-ABB0-94E406922218}
		{1AB31EED-A6CC-4274-8F8B-18FD4DB16951} = {DE5B437A-24AB-40B7-8F8E-73B38728632D}
		{725BA319-5DA4-4D5A-A147-AE42A6F3EF93} = {DE5B437A-24AB-40B7-8F8E-73B38728632D}
		{84F4A0F0-FA3F-453D-9649-00C0F4CA47AC} = {DE5B437A-24AB-40B7-8F8E-73B38728632D}
		{03C46B98-0CCE-4147-BC01-56E21740C629} = {DE5B437A-24AB-40B7-8F8E-73B38728632D}
		{3DE9C8F7-4DF2-42A6-ABC1-AB27226B67AF} = {DE5B437A-24AB-40B7-8F8E-73B38728632D}
		{D40B041E-6598-4DE4-A3F8-886D018CD5D4} = {DE5B437A-24AB-40B7-8F8E-73B38728632D}
		{D1E0DADD-DB57-4209-B6A8-593E2F41B824} = {DE5B437A-24AB-40B7-8F8E-73B38728632D}
		{66DA1943-C47E-4EDF-BCFD-CA374140F478} = {DE5B437A-24AB-40B7-8F8E-73B38728632D}
		{3CE77399-0171-48CB-8167-2D6F4EC3D9B7} = {DE5B437A-24AB-40B7-8F8E-73B38728632D}
		{BAB80ADB-9E8D-491C-955A-F79B7F72C81F} = {DE5B437A-24AB-40B7-8F8E-73B38728632D}
		{C102C171-1E58-4657-AE9F-DDFD247D2440} = {DE5B437A-24AB-40B7-8F8E-73B38728632D}
		{4F03ECED-2CE9-46CC-ACBE-D2E13A2F5D5C} = {DE5B437A-24AB-40B7-8F8E-73B38728632D}
		{DD10D18D-FBC8-4205-A381-3EEC031699C6} = {DE5B437A-24AB-40B7-8F8E-73B38728632D}
		{B65665D3-5582-4FCE-AB04-1910A4D6BB97} = {DE5B437A-24AB-40B7-8F8E-73B38728632D}
		{C4E30A6C-35AD-4DFA-9B46-BCD566D5C305} = {DE5B437A-24AB-40B7-8F8E-73B38728632D}
		{7498BD0B-040D-4B39-9226-D530CF0E59E0} = {DE5B437A-24AB-40B7-8F8E-73B38728632D}
		{8A92B1A9-5473-44E5-A976-2498AE51064C} = {DE5B437A-24AB-40B7-8F8E-73B38728632D}
		{5546B8DE-498B-4DF4-9278-9763E399293A} = {DE5B437A-24AB-40B7-8F8E-73B38728632D}
		{B792C933-A1F3-4B4A-B6EC-F9D70AAEDCEC} = {1E63055B-DABF-44B5-82F9-0072B6F67AB0}
		{F72C4EB1-4242-4564-A51A-D180CE84F8FF} = {1E63055B-DABF-44B5-82F9-0072B6F67AB0}
		{E1126456-1142-4BC6-93C2-E27815848F3C} = {1E63055B-DABF-44B5-82F9-0072B6F67AB0}
		{784C6098-D58A-4371-8351-69CAD9FC1970} = {1E63055B-DABF-44B5-82F9-0072B6F67AB0}
		{6DC02C06-C146-4B61-95EE-C2E30F6A8BEC} = {1E63055B-DABF-44B5-82F9-0072B6F67AB0}
		{21415711-9A78-4381-9AC3-7C031E1AD12F} = {1E63055B-DABF-44B5-82F9-0072B6F67AB0}
		{FE4C8703-1E5C-4DCF-89A2-BD6E722DD8C9} = {1E63055B-DABF-44B5-82F9-0072B6F67AB0}
		{6D7F1CCD-B73B-4744-B4CD-9E31ECC1F01B} = {1E63055B-DABF-44B5-82F9-0072B6F67AB0}
		{F315EFF7-3474-4CA8-8B2E-D87368E27B98} = {1E63055B-DABF-44B5-82F9-0072B6F67AB0}
		{B5838625-4AFB-47A9-A8A1-DFE38621E890} = {1E63055B-DABF-44B5-82F9-0072B6F67AB0}
		{E53EFBE4-A2C8-49AC-B3BC-D590B8BBA5E1} = {1E63055B-DABF-44B5-82F9-0072B6F67AB0}
		{64BBD950-506B-43DF-999C-5A624BB1760A} = {1E63055B-DABF-44B5-82F9-0072B6F67AB0}
		{01EA83A4-3339-4ADE-A77E-AD3DBC3A668A} = {1E63055B-DABF-44B5-82F9-0072B6F67AB0}
		{470ED952-B10B-42B2-8255-CE83EF8D0257} = {1E63055B-DABF-44B5-82F9-0072B6F67AB0}
		{1BEA5117-D93F-4C98-B370-F86B033F5498} = {1E63055B-DABF-44B5-82F9-0072B6F67AB0}
		{32C2378C-94FD-46D1-AD25-BA7BF6922AB7} = {1E63055B-DABF-44B5-82F9-0072B6F67AB0}
		{74DCA068-DBF3-4CD9-90BF-DC94FBB92828} = {1E63055B-DABF-44B5-82F9-0072B6F67AB0}
		{09EB9DB1-AB0F-44DD-97B1-76A8051A12AE} = {1E63055B-DABF-44B5-82F9-0072B6F67AB0}
		{A7D91EEA-E400-4907-A907-44871E3AA48C} = {1E63055B-DABF-44B5-82F9-0072B6F67AB0}
		{ABADFEC2-BD21-4CED-94AE-9A8E3BDE1C33} = {1E63055B-DABF-44B5-82F9-0072B6F67AB0}
		{D3B9FC36-BE37-4687-B87D-32CADCF9A60E} = {1E63055B-DABF-44B5-82F9-0072B6F67AB0}
		{A57E665E-92C6-44E5-83A9-067EE3E70CFA} = {1E63055B-DABF-44B5-82F9-0072B6F67AB0}
		{CD0EA67F-9048-4DF8-BD05-3981EE724C7C} = {1E63055B-DABF-44B5-82F9-0072B6F67AB0}
		{8BF66D87-AA1F-4A34-8701-A97BF9577B75} = {1E63055B-DABF-44B5-82F9-0072B6F67AB0}
		{7DD224B2-9D29-4F4E-90C1-28105E033ADA} = {1E63055B-DABF-44B5-82F9-0072B6F67AB0}
		{E2A2971B-EE4E-452F-9074-7E867C683F2B} = {1E63055B-DABF-44B5-82F9-0072B6F67AB0}
		{A9B20895-04FA-4CE0-9BF6-B95C638EF34C} = {1E63055B-DABF-44B5-82F9-0072B6F67AB0}
		{992A3180-2765-4CBD-8526-9A153246327E} = {1E63055B-DABF-44B5-82F9-0072B6F67AB0}
		{3A82CB27-D47C-44E5-AE4A-9C5BDC9E0F4C} = {1E63055B-DABF-44B5-82F9-0072B6F67AB0}
		{1C15893E-F008-4E50-A96C-5D695D582255} = {1E63055B-DABF-44B5-82F9-0072B6F67AB0}
		{5C0F48F5-6308-460F-91F2-63F2C09EE075} = {1E63055B-DABF-44B5-82F9-0072B6F67AB0}
		{E78B84C8-31A5-4985-9B07-A87C12EC9245} = {1E63055B-DABF-44B5-82F9-0072B6F67AB0}
	EndGlobalSection
	GlobalSection(ExtensibilityGlobals) = postSolution
		SolutionGuid = {D713968A-74EC-42FC-9EF5-7762448131CB}
	EndGlobalSection
EndGlobal
